
Microsoft Visual Studio Solution File, Format Version 12.00
# Visual Studio 2012
Project("{FAE04EC0-301F-11D3-BF4B-00C04F79EFBC}") = "BJD", "BJD\BJD.csproj", "{A219B3D7-33D9-4C73-814D-1909D067372B}"
EndProject
Project("{FAE04EC0-301F-11D3-BF4B-00C04F79EFBC}") = "WebServer", "WebServer\WebServer.csproj", "{C5D38963-2182-47AB-A34D-2F604B70A701}"
	ProjectSection(ProjectDependencies) = postProject
		{A219B3D7-33D9-4C73-814D-1909D067372B} = {A219B3D7-33D9-4C73-814D-1909D067372B}
	EndProjectSection
EndProject
Project("{FAE04EC0-301F-11D3-BF4B-00C04F79EFBC}") = "FtpServer", "FtpServer\FtpServer.csproj", "{A46F736A-1F32-4DF9-B885-77B3BBBA1259}"
	ProjectSection(ProjectDependencies) = postProject
		{A219B3D7-33D9-4C73-814D-1909D067372B} = {A219B3D7-33D9-4C73-814D-1909D067372B}
	EndProjectSection
EndProject
Project("{FAE04EC0-301F-11D3-BF4B-00C04F79EFBC}") = "DnsServer", "DnsServer\DnsServer.csproj", "{C297E45B-0107-4792-A107-83124FD88D51}"
	ProjectSection(ProjectDependencies) = postProject
		{A219B3D7-33D9-4C73-814D-1909D067372B} = {A219B3D7-33D9-4C73-814D-1909D067372B}
	EndProjectSection
EndProject
Project("{FAE04EC0-301F-11D3-BF4B-00C04F79EFBC}") = "RemoteServer", "RemoteServer\RemoteServer.csproj", "{0375180D-21F1-4783-BE24-C92CDD7928BE}"
	ProjectSection(ProjectDependencies) = postProject
		{A219B3D7-33D9-4C73-814D-1909D067372B} = {A219B3D7-33D9-4C73-814D-1909D067372B}
	EndProjectSection
EndProject
Project("{FAE04EC0-301F-11D3-BF4B-00C04F79EFBC}") = "DhcpServer", "DhcpServer\DhcpServer.csproj", "{36F20748-6DDD-47ED-B540-BD92581E8973}"
	ProjectSection(ProjectDependencies) = postProject
		{A219B3D7-33D9-4C73-814D-1909D067372B} = {A219B3D7-33D9-4C73-814D-1909D067372B}
	EndProjectSection
EndProject
Project("{FAE04EC0-301F-11D3-BF4B-00C04F79EFBC}") = "SmtpServer", "SmtpServer\SmtpServer.csproj", "{6F6A32FD-1E78-4416-BBED-25DE9DAC9AC6}"
	ProjectSection(ProjectDependencies) = postProject
		{A219B3D7-33D9-4C73-814D-1909D067372B} = {A219B3D7-33D9-4C73-814D-1909D067372B}
	EndProjectSection
EndProject
Project("{FAE04EC0-301F-11D3-BF4B-00C04F79EFBC}") = "Pop3Server", "Pop3Server\Pop3Server.csproj", "{2DB3A69B-5547-4261-825B-D9517ECD3AFC}"
	ProjectSection(ProjectDependencies) = postProject
		{A219B3D7-33D9-4C73-814D-1909D067372B} = {A219B3D7-33D9-4C73-814D-1909D067372B}
	EndProjectSection
EndProject
Project("{FAE04EC0-301F-11D3-BF4B-00C04F79EFBC}") = "ProxyHttpServer", "ProxyHttpServer\ProxyHttpServer.csproj", "{DEE5917F-8734-4F4E-A802-0FBB61A119DB}"
	ProjectSection(ProjectDependencies) = postProject
		{A219B3D7-33D9-4C73-814D-1909D067372B} = {A219B3D7-33D9-4C73-814D-1909D067372B}
	EndProjectSection
EndProject
Project("{FAE04EC0-301F-11D3-BF4B-00C04F79EFBC}") = "ProxyFtpServer", "ProxyFtpServer\ProxyFtpServer.csproj", "{E0FAB5B7-DBAF-40DA-8529-45C1B9EB808D}"
	ProjectSection(ProjectDependencies) = postProject
		{A219B3D7-33D9-4C73-814D-1909D067372B} = {A219B3D7-33D9-4C73-814D-1909D067372B}
	EndProjectSection
EndProject
Project("{FAE04EC0-301F-11D3-BF4B-00C04F79EFBC}") = "ProxyTelnetServer", "ProxyTelnetServer\ProxyTelnetServer.csproj", "{8ADE00B7-D838-4849-AABE-BBD1EE64AAB9}"
	ProjectSection(ProjectDependencies) = postProject
		{A219B3D7-33D9-4C73-814D-1909D067372B} = {A219B3D7-33D9-4C73-814D-1909D067372B}
	EndProjectSection
EndProject
Project("{FAE04EC0-301F-11D3-BF4B-00C04F79EFBC}") = "TunnelServer", "TunnelServer\TunnelServer.csproj", "{51DA8CDD-B301-4048-BBAC-8A1F3F505A5C}"
	ProjectSection(ProjectDependencies) = postProject
		{A219B3D7-33D9-4C73-814D-1909D067372B} = {A219B3D7-33D9-4C73-814D-1909D067372B}
	EndProjectSection
EndProject
Project("{FAE04EC0-301F-11D3-BF4B-00C04F79EFBC}") = "TftpServer", "TftpServer\TftpServer.csproj", "{19A73C09-C56E-4B52-B0C2-E55C52F5623D}"
	ProjectSection(ProjectDependencies) = postProject
		{A219B3D7-33D9-4C73-814D-1909D067372B} = {A219B3D7-33D9-4C73-814D-1909D067372B}
	EndProjectSection
EndProject
Project("{FAE04EC0-301F-11D3-BF4B-00C04F79EFBC}") = "ProxyPop3Server", "ProxyPop3Server\ProxyPop3Server.csproj", "{DD8BB6E7-B388-45E3-B882-82DB395E6511}"
	ProjectSection(ProjectDependencies) = postProject
		{A219B3D7-33D9-4C73-814D-1909D067372B} = {A219B3D7-33D9-4C73-814D-1909D067372B}
	EndProjectSection
EndProject
Project("{FAE04EC0-301F-11D3-BF4B-00C04F79EFBC}") = "ProxySmtpServer", "ProxySmtpServer\ProxySmtpServer.csproj", "{56C2A387-13DC-44FF-B9D4-409CFF124164}"
	ProjectSection(ProjectDependencies) = postProject
		{A219B3D7-33D9-4C73-814D-1909D067372B} = {A219B3D7-33D9-4C73-814D-1909D067372B}
	EndProjectSection
EndProject
Project("{FAE04EC0-301F-11D3-BF4B-00C04F79EFBC}") = "BJDTest", "BJDTest\BJDTest.csproj", "{F9DEF84B-37EC-48DA-A302-BF4AB960185A}"
EndProject
Project("{FAE04EC0-301F-11D3-BF4B-00C04F79EFBC}") = "WebServerTest", "WebServerTest\WebServerTest.csproj", "{E2B5600E-1DB5-4D71-8F84-0251317C5E11}"
	ProjectSection(ProjectDependencies) = postProject
		{C5D38963-2182-47AB-A34D-2F604B70A701} = {C5D38963-2182-47AB-A34D-2F604B70A701}
		{A219B3D7-33D9-4C73-814D-1909D067372B} = {A219B3D7-33D9-4C73-814D-1909D067372B}
	EndProjectSection
EndProject
Project("{FAE04EC0-301F-11D3-BF4B-00C04F79EFBC}") = "FtpServerTest", "FtpServerTest\FtpServerTest.csproj", "{DBA257AC-374B-43F7-B4A8-7B2537EC1D36}"
	ProjectSection(ProjectDependencies) = postProject
		{A46F736A-1F32-4DF9-B885-77B3BBBA1259} = {A46F736A-1F32-4DF9-B885-77B3BBBA1259}
		{A219B3D7-33D9-4C73-814D-1909D067372B} = {A219B3D7-33D9-4C73-814D-1909D067372B}
	EndProjectSection
EndProject
Project("{FAE04EC0-301F-11D3-BF4B-00C04F79EFBC}") = "Pop3ServerTest", "Pop3ServerTest\Pop3ServerTest.csproj", "{0A3E0A33-D910-4A56-B336-E0DE9DC41B22}"
	ProjectSection(ProjectDependencies) = postProject
		{2DB3A69B-5547-4261-825B-D9517ECD3AFC} = {2DB3A69B-5547-4261-825B-D9517ECD3AFC}
		{A219B3D7-33D9-4C73-814D-1909D067372B} = {A219B3D7-33D9-4C73-814D-1909D067372B}
	EndProjectSection
EndProject
Project("{FAE04EC0-301F-11D3-BF4B-00C04F79EFBC}") = "SmtpServerTest", "SmtpServerTest\SmtpServerTest.csproj", "{E1F044DF-233A-4383-BED2-D15F9F29B070}"
	ProjectSection(ProjectDependencies) = postProject
		{A219B3D7-33D9-4C73-814D-1909D067372B} = {A219B3D7-33D9-4C73-814D-1909D067372B}
		{6F6A32FD-1E78-4416-BBED-25DE9DAC9AC6} = {6F6A32FD-1E78-4416-BBED-25DE9DAC9AC6}
	EndProjectSection
EndProject
Project("{FAE04EC0-301F-11D3-BF4B-00C04F79EFBC}") = "SampleServer", "SampleServer\SampleServer.csproj", "{A8C669B1-2E1C-4F80-9951-7FFED066A447}"
	ProjectSection(ProjectDependencies) = postProject
		{A219B3D7-33D9-4C73-814D-1909D067372B} = {A219B3D7-33D9-4C73-814D-1909D067372B}
	EndProjectSection
EndProject
Project("{FAE04EC0-301F-11D3-BF4B-00C04F79EFBC}") = "ProxyHttpServerTest", "ProxyHttpServerTest\ProxyHttpServerTest.csproj", "{5C4B86E7-6E5F-4D0C-9B81-218CF56D2CFB}"
EndProject
Project("{FAE04EC0-301F-11D3-BF4B-00C04F79EFBC}") = "DhcpServerTest", "DhcpServerTest\DhcpServerTest.csproj", "{DE5CDC82-0839-4D2B-918E-FC1E0B635222}"
EndProject
Project("{FAE04EC0-301F-11D3-BF4B-00C04F79EFBC}") = "DnsServerTest", "DnsServerTest\DnsServerTest.csproj", "{7F292E13-4948-4BC5-AF7E-89AF2A7DD5FC}"
EndProject
Project("{FAE04EC0-301F-11D3-BF4B-00C04F79EFBC}") = "SipServer", "SipServer\SipServer.csproj", "{C758C27C-F0B4-4234-8DDC-D800AB8B9A14}"
EndProject
Project("{FAE04EC0-301F-11D3-BF4B-00C04F79EFBC}") = "SipServerTest", "SipServerTest\SipServerTest.csproj", "{B0E21294-B08A-444F-B617-3EABD6C85215}"
EndProject
Project("{FAE04EC0-301F-11D3-BF4B-00C04F79EFBC}") = "SampleServerTest", "SampleServerTest\SampleServerTest.csproj", "{2704C232-6877-439D-B697-681B02A611BC}"
EndProject
Project("{2150E333-8FDC-42A3-9474-1A3956D46DE8}") = "Solution Items", "Solution Items", "{E4E14581-EEDC-4FE1-BBF9-ABF8ED910C43}"
	ProjectSection(SolutionItems) = preProject
		BJD1.vsmdi = BJD1.vsmdi
	EndProjectSection
EndProject
Project("{6141683F-8A12-4E36-9623-2EB02B2C2303}") = "Setup", "Setup\Setup.isproj", "{749C7348-179C-4782-A29E-72BC3E0B47E3}"
	ProjectSection(ProjectDependencies) = postProject
		{19A73C09-C56E-4B52-B0C2-E55C52F5623D} = {19A73C09-C56E-4B52-B0C2-E55C52F5623D}
		{0375180D-21F1-4783-BE24-C92CDD7928BE} = {0375180D-21F1-4783-BE24-C92CDD7928BE}
		{36F20748-6DDD-47ED-B540-BD92581E8973} = {36F20748-6DDD-47ED-B540-BD92581E8973}
		{C297E45B-0107-4792-A107-83124FD88D51} = {C297E45B-0107-4792-A107-83124FD88D51}
		{C5D38963-2182-47AB-A34D-2F604B70A701} = {C5D38963-2182-47AB-A34D-2F604B70A701}
		{A46F736A-1F32-4DF9-B885-77B3BBBA1259} = {A46F736A-1F32-4DF9-B885-77B3BBBA1259}
		{C758C27C-F0B4-4234-8DDC-D800AB8B9A14} = {C758C27C-F0B4-4234-8DDC-D800AB8B9A14}
		{DEE5917F-8734-4F4E-A802-0FBB61A119DB} = {DEE5917F-8734-4F4E-A802-0FBB61A119DB}
		{56C2A387-13DC-44FF-B9D4-409CFF124164} = {56C2A387-13DC-44FF-B9D4-409CFF124164}
		{2DB3A69B-5547-4261-825B-D9517ECD3AFC} = {2DB3A69B-5547-4261-825B-D9517ECD3AFC}
		{A8C669B1-2E1C-4F80-9951-7FFED066A447} = {A8C669B1-2E1C-4F80-9951-7FFED066A447}
		{8ADE00B7-D838-4849-AABE-BBD1EE64AAB9} = {8ADE00B7-D838-4849-AABE-BBD1EE64AAB9}
		{E0FAB5B7-DBAF-40DA-8529-45C1B9EB808D} = {E0FAB5B7-DBAF-40DA-8529-45C1B9EB808D}
		{A219B3D7-33D9-4C73-814D-1909D067372B} = {A219B3D7-33D9-4C73-814D-1909D067372B}
		{DD8BB6E7-B388-45E3-B882-82DB395E6511} = {DD8BB6E7-B388-45E3-B882-82DB395E6511}
		{6F6A32FD-1E78-4416-BBED-25DE9DAC9AC6} = {6F6A32FD-1E78-4416-BBED-25DE9DAC9AC6}
	EndProjectSection
EndProject
Global
	GlobalSection(TestCaseManagementSettings) = postSolution
		CategoryFile = BJD1.vsmdi
	EndGlobalSection
	GlobalSection(SolutionConfigurationPlatforms) = preSolution
		CD_ROM|Any CPU = CD_ROM|Any CPU
		CD_ROM|Mixed Platforms = CD_ROM|Mixed Platforms
		CD_ROM|x86 = CD_ROM|x86
		Debug|Any CPU = Debug|Any CPU
		Debug|Mixed Platforms = Debug|Mixed Platforms
		Debug|x86 = Debug|x86
		DVD-5|Any CPU = DVD-5|Any CPU
		DVD-5|Mixed Platforms = DVD-5|Mixed Platforms
		DVD-5|x86 = DVD-5|x86
		Release|Any CPU = Release|Any CPU
		Release|Mixed Platforms = Release|Mixed Platforms
		Release|x86 = Release|x86
		SingleImage|Any CPU = SingleImage|Any CPU
		SingleImage|Mixed Platforms = SingleImage|Mixed Platforms
		SingleImage|x86 = SingleImage|x86
		Tmp|Any CPU = Tmp|Any CPU
		Tmp|Mixed Platforms = Tmp|Mixed Platforms
		Tmp|x86 = Tmp|x86
	EndGlobalSection
	GlobalSection(ProjectConfigurationPlatforms) = postSolution
		{A219B3D7-33D9-4C73-814D-1909D067372B}.CD_ROM|Any CPU.ActiveCfg = Tmp|Any CPU
		{A219B3D7-33D9-4C73-814D-1909D067372B}.CD_ROM|Any CPU.Build.0 = Tmp|Any CPU
		{A219B3D7-33D9-4C73-814D-1909D067372B}.CD_ROM|Mixed Platforms.ActiveCfg = Tmp|Any CPU
		{A219B3D7-33D9-4C73-814D-1909D067372B}.CD_ROM|Mixed Platforms.Build.0 = Tmp|Any CPU
		{A219B3D7-33D9-4C73-814D-1909D067372B}.CD_ROM|x86.ActiveCfg = Tmp|Any CPU
		{A219B3D7-33D9-4C73-814D-1909D067372B}.Debug|Any CPU.ActiveCfg = Debug|Any CPU
		{A219B3D7-33D9-4C73-814D-1909D067372B}.Debug|Any CPU.Build.0 = Debug|Any CPU
		{A219B3D7-33D9-4C73-814D-1909D067372B}.Debug|Mixed Platforms.ActiveCfg = Debug|Any CPU
		{A219B3D7-33D9-4C73-814D-1909D067372B}.Debug|Mixed Platforms.Build.0 = Debug|Any CPU
		{A219B3D7-33D9-4C73-814D-1909D067372B}.Debug|x86.ActiveCfg = Debug|Any CPU
		{A219B3D7-33D9-4C73-814D-1909D067372B}.DVD-5|Any CPU.ActiveCfg = Debug|Any CPU
		{A219B3D7-33D9-4C73-814D-1909D067372B}.DVD-5|Any CPU.Build.0 = Debug|Any CPU
		{A219B3D7-33D9-4C73-814D-1909D067372B}.DVD-5|Mixed Platforms.ActiveCfg = Debug|Any CPU
		{A219B3D7-33D9-4C73-814D-1909D067372B}.DVD-5|Mixed Platforms.Build.0 = Debug|Any CPU
		{A219B3D7-33D9-4C73-814D-1909D067372B}.DVD-5|x86.ActiveCfg = Debug|Any CPU
		{A219B3D7-33D9-4C73-814D-1909D067372B}.Release|Any CPU.ActiveCfg = Release|Any CPU
		{A219B3D7-33D9-4C73-814D-1909D067372B}.Release|Any CPU.Build.0 = Release|Any CPU
		{A219B3D7-33D9-4C73-814D-1909D067372B}.Release|Mixed Platforms.ActiveCfg = Release|Any CPU
		{A219B3D7-33D9-4C73-814D-1909D067372B}.Release|Mixed Platforms.Build.0 = Release|Any CPU
		{A219B3D7-33D9-4C73-814D-1909D067372B}.Release|x86.ActiveCfg = Release|Any CPU
		{A219B3D7-33D9-4C73-814D-1909D067372B}.SingleImage|Any CPU.ActiveCfg = Tmp|Any CPU
		{A219B3D7-33D9-4C73-814D-1909D067372B}.SingleImage|Any CPU.Build.0 = Tmp|Any CPU
		{A219B3D7-33D9-4C73-814D-1909D067372B}.SingleImage|Mixed Platforms.ActiveCfg = Tmp|Any CPU
		{A219B3D7-33D9-4C73-814D-1909D067372B}.SingleImage|Mixed Platforms.Build.0 = Tmp|Any CPU
		{A219B3D7-33D9-4C73-814D-1909D067372B}.SingleImage|x86.ActiveCfg = Tmp|Any CPU
		{A219B3D7-33D9-4C73-814D-1909D067372B}.Tmp|Any CPU.ActiveCfg = Tmp|Any CPU
		{A219B3D7-33D9-4C73-814D-1909D067372B}.Tmp|Any CPU.Build.0 = Tmp|Any CPU
		{A219B3D7-33D9-4C73-814D-1909D067372B}.Tmp|Mixed Platforms.ActiveCfg = Tmp|Any CPU
		{A219B3D7-33D9-4C73-814D-1909D067372B}.Tmp|Mixed Platforms.Build.0 = Tmp|Any CPU
		{A219B3D7-33D9-4C73-814D-1909D067372B}.Tmp|x86.ActiveCfg = Tmp|Any CPU
		{C5D38963-2182-47AB-A34D-2F604B70A701}.CD_ROM|Any CPU.ActiveCfg = Tmp|Any CPU
		{C5D38963-2182-47AB-A34D-2F604B70A701}.CD_ROM|Any CPU.Build.0 = Tmp|Any CPU
		{C5D38963-2182-47AB-A34D-2F604B70A701}.CD_ROM|Mixed Platforms.ActiveCfg = Tmp|Any CPU
		{C5D38963-2182-47AB-A34D-2F604B70A701}.CD_ROM|Mixed Platforms.Build.0 = Tmp|Any CPU
		{C5D38963-2182-47AB-A34D-2F604B70A701}.CD_ROM|x86.ActiveCfg = Tmp|Any CPU
		{C5D38963-2182-47AB-A34D-2F604B70A701}.Debug|Any CPU.ActiveCfg = Debug|Any CPU
		{C5D38963-2182-47AB-A34D-2F604B70A701}.Debug|Any CPU.Build.0 = Debug|Any CPU
		{C5D38963-2182-47AB-A34D-2F604B70A701}.Debug|Mixed Platforms.ActiveCfg = Debug|Any CPU
		{C5D38963-2182-47AB-A34D-2F604B70A701}.Debug|Mixed Platforms.Build.0 = Debug|Any CPU
		{C5D38963-2182-47AB-A34D-2F604B70A701}.Debug|x86.ActiveCfg = Debug|Any CPU
		{C5D38963-2182-47AB-A34D-2F604B70A701}.DVD-5|Any CPU.ActiveCfg = Debug|Any CPU
		{C5D38963-2182-47AB-A34D-2F604B70A701}.DVD-5|Any CPU.Build.0 = Debug|Any CPU
		{C5D38963-2182-47AB-A34D-2F604B70A701}.DVD-5|Mixed Platforms.ActiveCfg = Debug|Any CPU
		{C5D38963-2182-47AB-A34D-2F604B70A701}.DVD-5|Mixed Platforms.Build.0 = Debug|Any CPU
		{C5D38963-2182-47AB-A34D-2F604B70A701}.DVD-5|x86.ActiveCfg = Debug|Any CPU
		{C5D38963-2182-47AB-A34D-2F604B70A701}.Release|Any CPU.ActiveCfg = Release|Any CPU
		{C5D38963-2182-47AB-A34D-2F604B70A701}.Release|Any CPU.Build.0 = Release|Any CPU
		{C5D38963-2182-47AB-A34D-2F604B70A701}.Release|Mixed Platforms.ActiveCfg = Release|Any CPU
		{C5D38963-2182-47AB-A34D-2F604B70A701}.Release|Mixed Platforms.Build.0 = Release|Any CPU
		{C5D38963-2182-47AB-A34D-2F604B70A701}.Release|x86.ActiveCfg = Release|Any CPU
		{C5D38963-2182-47AB-A34D-2F604B70A701}.SingleImage|Any CPU.ActiveCfg = Tmp|Any CPU
		{C5D38963-2182-47AB-A34D-2F604B70A701}.SingleImage|Any CPU.Build.0 = Tmp|Any CPU
		{C5D38963-2182-47AB-A34D-2F604B70A701}.SingleImage|Mixed Platforms.ActiveCfg = Tmp|Any CPU
		{C5D38963-2182-47AB-A34D-2F604B70A701}.SingleImage|Mixed Platforms.Build.0 = Tmp|Any CPU
		{C5D38963-2182-47AB-A34D-2F604B70A701}.SingleImage|x86.ActiveCfg = Tmp|Any CPU
		{C5D38963-2182-47AB-A34D-2F604B70A701}.Tmp|Any CPU.ActiveCfg = Tmp|Any CPU
		{C5D38963-2182-47AB-A34D-2F604B70A701}.Tmp|Any CPU.Build.0 = Tmp|Any CPU
		{C5D38963-2182-47AB-A34D-2F604B70A701}.Tmp|Mixed Platforms.ActiveCfg = Tmp|Any CPU
		{C5D38963-2182-47AB-A34D-2F604B70A701}.Tmp|x86.ActiveCfg = Tmp|Any CPU
		{A46F736A-1F32-4DF9-B885-77B3BBBA1259}.CD_ROM|Any CPU.ActiveCfg = Tmp|Any CPU
		{A46F736A-1F32-4DF9-B885-77B3BBBA1259}.CD_ROM|Any CPU.Build.0 = Tmp|Any CPU
		{A46F736A-1F32-4DF9-B885-77B3BBBA1259}.CD_ROM|Mixed Platforms.ActiveCfg = Tmp|Any CPU
		{A46F736A-1F32-4DF9-B885-77B3BBBA1259}.CD_ROM|Mixed Platforms.Build.0 = Tmp|Any CPU
		{A46F736A-1F32-4DF9-B885-77B3BBBA1259}.CD_ROM|x86.ActiveCfg = Tmp|Any CPU
		{A46F736A-1F32-4DF9-B885-77B3BBBA1259}.Debug|Any CPU.ActiveCfg = Debug|Any CPU
		{A46F736A-1F32-4DF9-B885-77B3BBBA1259}.Debug|Any CPU.Build.0 = Debug|Any CPU
		{A46F736A-1F32-4DF9-B885-77B3BBBA1259}.Debug|Mixed Platforms.ActiveCfg = Debug|Any CPU
		{A46F736A-1F32-4DF9-B885-77B3BBBA1259}.Debug|Mixed Platforms.Build.0 = Debug|Any CPU
		{A46F736A-1F32-4DF9-B885-77B3BBBA1259}.Debug|x86.ActiveCfg = Debug|Any CPU
		{A46F736A-1F32-4DF9-B885-77B3BBBA1259}.DVD-5|Any CPU.ActiveCfg = Debug|Any CPU
		{A46F736A-1F32-4DF9-B885-77B3BBBA1259}.DVD-5|Any CPU.Build.0 = Debug|Any CPU
		{A46F736A-1F32-4DF9-B885-77B3BBBA1259}.DVD-5|Mixed Platforms.ActiveCfg = Debug|Any CPU
		{A46F736A-1F32-4DF9-B885-77B3BBBA1259}.DVD-5|Mixed Platforms.Build.0 = Debug|Any CPU
		{A46F736A-1F32-4DF9-B885-77B3BBBA1259}.DVD-5|x86.ActiveCfg = Debug|Any CPU
		{A46F736A-1F32-4DF9-B885-77B3BBBA1259}.Release|Any CPU.ActiveCfg = Release|Any CPU
		{A46F736A-1F32-4DF9-B885-77B3BBBA1259}.Release|Any CPU.Build.0 = Release|Any CPU
		{A46F736A-1F32-4DF9-B885-77B3BBBA1259}.Release|Mixed Platforms.ActiveCfg = Release|Any CPU
		{A46F736A-1F32-4DF9-B885-77B3BBBA1259}.Release|Mixed Platforms.Build.0 = Release|Any CPU
		{A46F736A-1F32-4DF9-B885-77B3BBBA1259}.Release|x86.ActiveCfg = Release|Any CPU
		{A46F736A-1F32-4DF9-B885-77B3BBBA1259}.SingleImage|Any CPU.ActiveCfg = Tmp|Any CPU
		{A46F736A-1F32-4DF9-B885-77B3BBBA1259}.SingleImage|Any CPU.Build.0 = Tmp|Any CPU
		{A46F736A-1F32-4DF9-B885-77B3BBBA1259}.SingleImage|Mixed Platforms.ActiveCfg = Tmp|Any CPU
		{A46F736A-1F32-4DF9-B885-77B3BBBA1259}.SingleImage|Mixed Platforms.Build.0 = Tmp|Any CPU
		{A46F736A-1F32-4DF9-B885-77B3BBBA1259}.SingleImage|x86.ActiveCfg = Tmp|Any CPU
		{A46F736A-1F32-4DF9-B885-77B3BBBA1259}.Tmp|Any CPU.ActiveCfg = Tmp|Any CPU
		{A46F736A-1F32-4DF9-B885-77B3BBBA1259}.Tmp|Any CPU.Build.0 = Tmp|Any CPU
		{A46F736A-1F32-4DF9-B885-77B3BBBA1259}.Tmp|Mixed Platforms.ActiveCfg = Tmp|Any CPU
		{A46F736A-1F32-4DF9-B885-77B3BBBA1259}.Tmp|x86.ActiveCfg = Tmp|Any CPU
		{C297E45B-0107-4792-A107-83124FD88D51}.CD_ROM|Any CPU.ActiveCfg = Tmp|Any CPU
		{C297E45B-0107-4792-A107-83124FD88D51}.CD_ROM|Any CPU.Build.0 = Tmp|Any CPU
		{C297E45B-0107-4792-A107-83124FD88D51}.CD_ROM|Mixed Platforms.ActiveCfg = Tmp|Any CPU
		{C297E45B-0107-4792-A107-83124FD88D51}.CD_ROM|Mixed Platforms.Build.0 = Tmp|Any CPU
		{C297E45B-0107-4792-A107-83124FD88D51}.CD_ROM|x86.ActiveCfg = Tmp|Any CPU
		{C297E45B-0107-4792-A107-83124FD88D51}.Debug|Any CPU.ActiveCfg = Debug|Any CPU
		{C297E45B-0107-4792-A107-83124FD88D51}.Debug|Any CPU.Build.0 = Debug|Any CPU
		{C297E45B-0107-4792-A107-83124FD88D51}.Debug|Mixed Platforms.ActiveCfg = Debug|Any CPU
		{C297E45B-0107-4792-A107-83124FD88D51}.Debug|Mixed Platforms.Build.0 = Debug|Any CPU
		{C297E45B-0107-4792-A107-83124FD88D51}.Debug|x86.ActiveCfg = Debug|Any CPU
		{C297E45B-0107-4792-A107-83124FD88D51}.DVD-5|Any CPU.ActiveCfg = Debug|Any CPU
		{C297E45B-0107-4792-A107-83124FD88D51}.DVD-5|Any CPU.Build.0 = Debug|Any CPU
		{C297E45B-0107-4792-A107-83124FD88D51}.DVD-5|Mixed Platforms.ActiveCfg = Debug|Any CPU
		{C297E45B-0107-4792-A107-83124FD88D51}.DVD-5|Mixed Platforms.Build.0 = Debug|Any CPU
		{C297E45B-0107-4792-A107-83124FD88D51}.DVD-5|x86.ActiveCfg = Debug|Any CPU
		{C297E45B-0107-4792-A107-83124FD88D51}.Release|Any CPU.ActiveCfg = Release|Any CPU
		{C297E45B-0107-4792-A107-83124FD88D51}.Release|Any CPU.Build.0 = Release|Any CPU
		{C297E45B-0107-4792-A107-83124FD88D51}.Release|Mixed Platforms.ActiveCfg = Release|Any CPU
		{C297E45B-0107-4792-A107-83124FD88D51}.Release|Mixed Platforms.Build.0 = Release|Any CPU
		{C297E45B-0107-4792-A107-83124FD88D51}.Release|x86.ActiveCfg = Release|Any CPU
		{C297E45B-0107-4792-A107-83124FD88D51}.SingleImage|Any CPU.ActiveCfg = Tmp|Any CPU
		{C297E45B-0107-4792-A107-83124FD88D51}.SingleImage|Any CPU.Build.0 = Tmp|Any CPU
		{C297E45B-0107-4792-A107-83124FD88D51}.SingleImage|Mixed Platforms.ActiveCfg = Tmp|Any CPU
		{C297E45B-0107-4792-A107-83124FD88D51}.SingleImage|Mixed Platforms.Build.0 = Tmp|Any CPU
		{C297E45B-0107-4792-A107-83124FD88D51}.SingleImage|x86.ActiveCfg = Tmp|Any CPU
		{C297E45B-0107-4792-A107-83124FD88D51}.Tmp|Any CPU.ActiveCfg = Tmp|Any CPU
		{C297E45B-0107-4792-A107-83124FD88D51}.Tmp|Any CPU.Build.0 = Tmp|Any CPU
		{C297E45B-0107-4792-A107-83124FD88D51}.Tmp|Mixed Platforms.ActiveCfg = Tmp|Any CPU
		{C297E45B-0107-4792-A107-83124FD88D51}.Tmp|x86.ActiveCfg = Tmp|Any CPU
		{0375180D-21F1-4783-BE24-C92CDD7928BE}.CD_ROM|Any CPU.ActiveCfg = Tmp|Any CPU
		{0375180D-21F1-4783-BE24-C92CDD7928BE}.CD_ROM|Any CPU.Build.0 = Tmp|Any CPU
		{0375180D-21F1-4783-BE24-C92CDD7928BE}.CD_ROM|Mixed Platforms.ActiveCfg = Tmp|Any CPU
		{0375180D-21F1-4783-BE24-C92CDD7928BE}.CD_ROM|Mixed Platforms.Build.0 = Tmp|Any CPU
		{0375180D-21F1-4783-BE24-C92CDD7928BE}.CD_ROM|x86.ActiveCfg = Tmp|Any CPU
		{0375180D-21F1-4783-BE24-C92CDD7928BE}.Debug|Any CPU.ActiveCfg = Debug|Any CPU
		{0375180D-21F1-4783-BE24-C92CDD7928BE}.Debug|Any CPU.Build.0 = Debug|Any CPU
		{0375180D-21F1-4783-BE24-C92CDD7928BE}.Debug|Mixed Platforms.ActiveCfg = Debug|Any CPU
		{0375180D-21F1-4783-BE24-C92CDD7928BE}.Debug|Mixed Platforms.Build.0 = Debug|Any CPU
		{0375180D-21F1-4783-BE24-C92CDD7928BE}.Debug|x86.ActiveCfg = Debug|Any CPU
		{0375180D-21F1-4783-BE24-C92CDD7928BE}.DVD-5|Any CPU.ActiveCfg = Debug|Any CPU
		{0375180D-21F1-4783-BE24-C92CDD7928BE}.DVD-5|Any CPU.Build.0 = Debug|Any CPU
		{0375180D-21F1-4783-BE24-C92CDD7928BE}.DVD-5|Mixed Platforms.ActiveCfg = Debug|Any CPU
		{0375180D-21F1-4783-BE24-C92CDD7928BE}.DVD-5|Mixed Platforms.Build.0 = Debug|Any CPU
		{0375180D-21F1-4783-BE24-C92CDD7928BE}.DVD-5|x86.ActiveCfg = Debug|Any CPU
		{0375180D-21F1-4783-BE24-C92CDD7928BE}.Release|Any CPU.ActiveCfg = Release|Any CPU
		{0375180D-21F1-4783-BE24-C92CDD7928BE}.Release|Any CPU.Build.0 = Release|Any CPU
		{0375180D-21F1-4783-BE24-C92CDD7928BE}.Release|Mixed Platforms.ActiveCfg = Release|Any CPU
		{0375180D-21F1-4783-BE24-C92CDD7928BE}.Release|Mixed Platforms.Build.0 = Release|Any CPU
		{0375180D-21F1-4783-BE24-C92CDD7928BE}.Release|x86.ActiveCfg = Release|Any CPU
		{0375180D-21F1-4783-BE24-C92CDD7928BE}.SingleImage|Any CPU.ActiveCfg = Tmp|Any CPU
		{0375180D-21F1-4783-BE24-C92CDD7928BE}.SingleImage|Any CPU.Build.0 = Tmp|Any CPU
		{0375180D-21F1-4783-BE24-C92CDD7928BE}.SingleImage|Mixed Platforms.ActiveCfg = Tmp|Any CPU
		{0375180D-21F1-4783-BE24-C92CDD7928BE}.SingleImage|Mixed Platforms.Build.0 = Tmp|Any CPU
		{0375180D-21F1-4783-BE24-C92CDD7928BE}.SingleImage|x86.ActiveCfg = Tmp|Any CPU
		{0375180D-21F1-4783-BE24-C92CDD7928BE}.Tmp|Any CPU.ActiveCfg = Tmp|Any CPU
		{0375180D-21F1-4783-BE24-C92CDD7928BE}.Tmp|Any CPU.Build.0 = Tmp|Any CPU
		{0375180D-21F1-4783-BE24-C92CDD7928BE}.Tmp|Mixed Platforms.ActiveCfg = Tmp|Any CPU
		{0375180D-21F1-4783-BE24-C92CDD7928BE}.Tmp|x86.ActiveCfg = Tmp|Any CPU
		{36F20748-6DDD-47ED-B540-BD92581E8973}.CD_ROM|Any CPU.ActiveCfg = Tmp|Any CPU
		{36F20748-6DDD-47ED-B540-BD92581E8973}.CD_ROM|Any CPU.Build.0 = Tmp|Any CPU
		{36F20748-6DDD-47ED-B540-BD92581E8973}.CD_ROM|Mixed Platforms.ActiveCfg = Tmp|Any CPU
		{36F20748-6DDD-47ED-B540-BD92581E8973}.CD_ROM|Mixed Platforms.Build.0 = Tmp|Any CPU
		{36F20748-6DDD-47ED-B540-BD92581E8973}.CD_ROM|x86.ActiveCfg = Tmp|Any CPU
		{36F20748-6DDD-47ED-B540-BD92581E8973}.Debug|Any CPU.ActiveCfg = Debug|Any CPU
		{36F20748-6DDD-47ED-B540-BD92581E8973}.Debug|Any CPU.Build.0 = Debug|Any CPU
		{36F20748-6DDD-47ED-B540-BD92581E8973}.Debug|Mixed Platforms.ActiveCfg = Debug|Any CPU
		{36F20748-6DDD-47ED-B540-BD92581E8973}.Debug|Mixed Platforms.Build.0 = Debug|Any CPU
		{36F20748-6DDD-47ED-B540-BD92581E8973}.Debug|x86.ActiveCfg = Debug|Any CPU
		{36F20748-6DDD-47ED-B540-BD92581E8973}.DVD-5|Any CPU.ActiveCfg = Debug|Any CPU
		{36F20748-6DDD-47ED-B540-BD92581E8973}.DVD-5|Any CPU.Build.0 = Debug|Any CPU
		{36F20748-6DDD-47ED-B540-BD92581E8973}.DVD-5|Mixed Platforms.ActiveCfg = Debug|Any CPU
		{36F20748-6DDD-47ED-B540-BD92581E8973}.DVD-5|Mixed Platforms.Build.0 = Debug|Any CPU
		{36F20748-6DDD-47ED-B540-BD92581E8973}.DVD-5|x86.ActiveCfg = Debug|Any CPU
		{36F20748-6DDD-47ED-B540-BD92581E8973}.Release|Any CPU.ActiveCfg = Release|Any CPU
		{36F20748-6DDD-47ED-B540-BD92581E8973}.Release|Any CPU.Build.0 = Release|Any CPU
		{36F20748-6DDD-47ED-B540-BD92581E8973}.Release|Mixed Platforms.ActiveCfg = Release|Any CPU
		{36F20748-6DDD-47ED-B540-BD92581E8973}.Release|Mixed Platforms.Build.0 = Release|Any CPU
		{36F20748-6DDD-47ED-B540-BD92581E8973}.Release|x86.ActiveCfg = Release|Any CPU
		{36F20748-6DDD-47ED-B540-BD92581E8973}.SingleImage|Any CPU.ActiveCfg = Tmp|Any CPU
		{36F20748-6DDD-47ED-B540-BD92581E8973}.SingleImage|Any CPU.Build.0 = Tmp|Any CPU
		{36F20748-6DDD-47ED-B540-BD92581E8973}.SingleImage|Mixed Platforms.ActiveCfg = Tmp|Any CPU
		{36F20748-6DDD-47ED-B540-BD92581E8973}.SingleImage|Mixed Platforms.Build.0 = Tmp|Any CPU
		{36F20748-6DDD-47ED-B540-BD92581E8973}.SingleImage|x86.ActiveCfg = Tmp|Any CPU
		{36F20748-6DDD-47ED-B540-BD92581E8973}.Tmp|Any CPU.ActiveCfg = Tmp|Any CPU
		{36F20748-6DDD-47ED-B540-BD92581E8973}.Tmp|Any CPU.Build.0 = Tmp|Any CPU
		{36F20748-6DDD-47ED-B540-BD92581E8973}.Tmp|Mixed Platforms.ActiveCfg = Tmp|Any CPU
		{36F20748-6DDD-47ED-B540-BD92581E8973}.Tmp|x86.ActiveCfg = Tmp|Any CPU
		{6F6A32FD-1E78-4416-BBED-25DE9DAC9AC6}.CD_ROM|Any CPU.ActiveCfg = Tmp|Any CPU
		{6F6A32FD-1E78-4416-BBED-25DE9DAC9AC6}.CD_ROM|Any CPU.Build.0 = Tmp|Any CPU
		{6F6A32FD-1E78-4416-BBED-25DE9DAC9AC6}.CD_ROM|Mixed Platforms.ActiveCfg = Tmp|Any CPU
		{6F6A32FD-1E78-4416-BBED-25DE9DAC9AC6}.CD_ROM|Mixed Platforms.Build.0 = Tmp|Any CPU
		{6F6A32FD-1E78-4416-BBED-25DE9DAC9AC6}.CD_ROM|x86.ActiveCfg = Tmp|Any CPU
		{6F6A32FD-1E78-4416-BBED-25DE9DAC9AC6}.Debug|Any CPU.ActiveCfg = Debug|Any CPU
		{6F6A32FD-1E78-4416-BBED-25DE9DAC9AC6}.Debug|Any CPU.Build.0 = Debug|Any CPU
		{6F6A32FD-1E78-4416-BBED-25DE9DAC9AC6}.Debug|Mixed Platforms.ActiveCfg = Debug|Any CPU
		{6F6A32FD-1E78-4416-BBED-25DE9DAC9AC6}.Debug|Mixed Platforms.Build.0 = Debug|Any CPU
		{6F6A32FD-1E78-4416-BBED-25DE9DAC9AC6}.Debug|x86.ActiveCfg = Debug|Any CPU
		{6F6A32FD-1E78-4416-BBED-25DE9DAC9AC6}.DVD-5|Any CPU.ActiveCfg = Debug|Any CPU
		{6F6A32FD-1E78-4416-BBED-25DE9DAC9AC6}.DVD-5|Any CPU.Build.0 = Debug|Any CPU
		{6F6A32FD-1E78-4416-BBED-25DE9DAC9AC6}.DVD-5|Mixed Platforms.ActiveCfg = Debug|Any CPU
		{6F6A32FD-1E78-4416-BBED-25DE9DAC9AC6}.DVD-5|Mixed Platforms.Build.0 = Debug|Any CPU
		{6F6A32FD-1E78-4416-BBED-25DE9DAC9AC6}.DVD-5|x86.ActiveCfg = Debug|Any CPU
		{6F6A32FD-1E78-4416-BBED-25DE9DAC9AC6}.Release|Any CPU.ActiveCfg = Release|Any CPU
		{6F6A32FD-1E78-4416-BBED-25DE9DAC9AC6}.Release|Any CPU.Build.0 = Release|Any CPU
		{6F6A32FD-1E78-4416-BBED-25DE9DAC9AC6}.Release|Mixed Platforms.ActiveCfg = Release|Any CPU
		{6F6A32FD-1E78-4416-BBED-25DE9DAC9AC6}.Release|Mixed Platforms.Build.0 = Release|Any CPU
		{6F6A32FD-1E78-4416-BBED-25DE9DAC9AC6}.Release|x86.ActiveCfg = Release|Any CPU
		{6F6A32FD-1E78-4416-BBED-25DE9DAC9AC6}.SingleImage|Any CPU.ActiveCfg = Tmp|Any CPU
		{6F6A32FD-1E78-4416-BBED-25DE9DAC9AC6}.SingleImage|Any CPU.Build.0 = Tmp|Any CPU
		{6F6A32FD-1E78-4416-BBED-25DE9DAC9AC6}.SingleImage|Mixed Platforms.ActiveCfg = Tmp|Any CPU
		{6F6A32FD-1E78-4416-BBED-25DE9DAC9AC6}.SingleImage|Mixed Platforms.Build.0 = Tmp|Any CPU
		{6F6A32FD-1E78-4416-BBED-25DE9DAC9AC6}.SingleImage|x86.ActiveCfg = Tmp|Any CPU
		{6F6A32FD-1E78-4416-BBED-25DE9DAC9AC6}.Tmp|Any CPU.ActiveCfg = Tmp|Any CPU
		{6F6A32FD-1E78-4416-BBED-25DE9DAC9AC6}.Tmp|Any CPU.Build.0 = Tmp|Any CPU
		{6F6A32FD-1E78-4416-BBED-25DE9DAC9AC6}.Tmp|Mixed Platforms.ActiveCfg = Tmp|Any CPU
		{6F6A32FD-1E78-4416-BBED-25DE9DAC9AC6}.Tmp|x86.ActiveCfg = Tmp|Any CPU
		{2DB3A69B-5547-4261-825B-D9517ECD3AFC}.CD_ROM|Any CPU.ActiveCfg = Tmp|Any CPU
		{2DB3A69B-5547-4261-825B-D9517ECD3AFC}.CD_ROM|Any CPU.Build.0 = Tmp|Any CPU
		{2DB3A69B-5547-4261-825B-D9517ECD3AFC}.CD_ROM|Mixed Platforms.ActiveCfg = Tmp|Any CPU
		{2DB3A69B-5547-4261-825B-D9517ECD3AFC}.CD_ROM|Mixed Platforms.Build.0 = Tmp|Any CPU
		{2DB3A69B-5547-4261-825B-D9517ECD3AFC}.CD_ROM|x86.ActiveCfg = Tmp|Any CPU
		{2DB3A69B-5547-4261-825B-D9517ECD3AFC}.Debug|Any CPU.ActiveCfg = Debug|Any CPU
		{2DB3A69B-5547-4261-825B-D9517ECD3AFC}.Debug|Any CPU.Build.0 = Debug|Any CPU
		{2DB3A69B-5547-4261-825B-D9517ECD3AFC}.Debug|Mixed Platforms.ActiveCfg = Debug|Any CPU
		{2DB3A69B-5547-4261-825B-D9517ECD3AFC}.Debug|Mixed Platforms.Build.0 = Debug|Any CPU
		{2DB3A69B-5547-4261-825B-D9517ECD3AFC}.Debug|x86.ActiveCfg = Debug|Any CPU
		{2DB3A69B-5547-4261-825B-D9517ECD3AFC}.DVD-5|Any CPU.ActiveCfg = Debug|Any CPU
		{2DB3A69B-5547-4261-825B-D9517ECD3AFC}.DVD-5|Any CPU.Build.0 = Debug|Any CPU
		{2DB3A69B-5547-4261-825B-D9517ECD3AFC}.DVD-5|Mixed Platforms.ActiveCfg = Debug|Any CPU
		{2DB3A69B-5547-4261-825B-D9517ECD3AFC}.DVD-5|Mixed Platforms.Build.0 = Debug|Any CPU
		{2DB3A69B-5547-4261-825B-D9517ECD3AFC}.DVD-5|x86.ActiveCfg = Debug|Any CPU
		{2DB3A69B-5547-4261-825B-D9517ECD3AFC}.Release|Any CPU.ActiveCfg = Release|Any CPU
		{2DB3A69B-5547-4261-825B-D9517ECD3AFC}.Release|Any CPU.Build.0 = Release|Any CPU
		{2DB3A69B-5547-4261-825B-D9517ECD3AFC}.Release|Mixed Platforms.ActiveCfg = Release|Any CPU
		{2DB3A69B-5547-4261-825B-D9517ECD3AFC}.Release|Mixed Platforms.Build.0 = Release|Any CPU
		{2DB3A69B-5547-4261-825B-D9517ECD3AFC}.Release|x86.ActiveCfg = Release|Any CPU
		{2DB3A69B-5547-4261-825B-D9517ECD3AFC}.SingleImage|Any CPU.ActiveCfg = Tmp|Any CPU
		{2DB3A69B-5547-4261-825B-D9517ECD3AFC}.SingleImage|Any CPU.Build.0 = Tmp|Any CPU
		{2DB3A69B-5547-4261-825B-D9517ECD3AFC}.SingleImage|Mixed Platforms.ActiveCfg = Tmp|Any CPU
		{2DB3A69B-5547-4261-825B-D9517ECD3AFC}.SingleImage|Mixed Platforms.Build.0 = Tmp|Any CPU
		{2DB3A69B-5547-4261-825B-D9517ECD3AFC}.SingleImage|x86.ActiveCfg = Tmp|Any CPU
		{2DB3A69B-5547-4261-825B-D9517ECD3AFC}.Tmp|Any CPU.ActiveCfg = Tmp|Any CPU
		{2DB3A69B-5547-4261-825B-D9517ECD3AFC}.Tmp|Any CPU.Build.0 = Tmp|Any CPU
		{2DB3A69B-5547-4261-825B-D9517ECD3AFC}.Tmp|Mixed Platforms.ActiveCfg = Tmp|Any CPU
		{2DB3A69B-5547-4261-825B-D9517ECD3AFC}.Tmp|x86.ActiveCfg = Tmp|Any CPU
		{DEE5917F-8734-4F4E-A802-0FBB61A119DB}.CD_ROM|Any CPU.ActiveCfg = Tmp|Any CPU
		{DEE5917F-8734-4F4E-A802-0FBB61A119DB}.CD_ROM|Any CPU.Build.0 = Tmp|Any CPU
		{DEE5917F-8734-4F4E-A802-0FBB61A119DB}.CD_ROM|Mixed Platforms.ActiveCfg = Tmp|Any CPU
		{DEE5917F-8734-4F4E-A802-0FBB61A119DB}.CD_ROM|Mixed Platforms.Build.0 = Tmp|Any CPU
		{DEE5917F-8734-4F4E-A802-0FBB61A119DB}.CD_ROM|x86.ActiveCfg = Tmp|Any CPU
		{DEE5917F-8734-4F4E-A802-0FBB61A119DB}.Debug|Any CPU.ActiveCfg = Debug|Any CPU
		{DEE5917F-8734-4F4E-A802-0FBB61A119DB}.Debug|Any CPU.Build.0 = Debug|Any CPU
		{DEE5917F-8734-4F4E-A802-0FBB61A119DB}.Debug|Mixed Platforms.ActiveCfg = Debug|Any CPU
		{DEE5917F-8734-4F4E-A802-0FBB61A119DB}.Debug|Mixed Platforms.Build.0 = Debug|Any CPU
		{DEE5917F-8734-4F4E-A802-0FBB61A119DB}.Debug|x86.ActiveCfg = Debug|Any CPU
		{DEE5917F-8734-4F4E-A802-0FBB61A119DB}.DVD-5|Any CPU.ActiveCfg = Debug|Any CPU
		{DEE5917F-8734-4F4E-A802-0FBB61A119DB}.DVD-5|Any CPU.Build.0 = Debug|Any CPU
		{DEE5917F-8734-4F4E-A802-0FBB61A119DB}.DVD-5|Mixed Platforms.ActiveCfg = Debug|Any CPU
		{DEE5917F-8734-4F4E-A802-0FBB61A119DB}.DVD-5|Mixed Platforms.Build.0 = Debug|Any CPU
		{DEE5917F-8734-4F4E-A802-0FBB61A119DB}.DVD-5|x86.ActiveCfg = Debug|Any CPU
		{DEE5917F-8734-4F4E-A802-0FBB61A119DB}.Release|Any CPU.ActiveCfg = Release|Any CPU
		{DEE5917F-8734-4F4E-A802-0FBB61A119DB}.Release|Any CPU.Build.0 = Release|Any CPU
		{DEE5917F-8734-4F4E-A802-0FBB61A119DB}.Release|Mixed Platforms.ActiveCfg = Release|Any CPU
		{DEE5917F-8734-4F4E-A802-0FBB61A119DB}.Release|Mixed Platforms.Build.0 = Release|Any CPU
		{DEE5917F-8734-4F4E-A802-0FBB61A119DB}.Release|x86.ActiveCfg = Release|Any CPU
		{DEE5917F-8734-4F4E-A802-0FBB61A119DB}.SingleImage|Any CPU.ActiveCfg = Tmp|Any CPU
		{DEE5917F-8734-4F4E-A802-0FBB61A119DB}.SingleImage|Any CPU.Build.0 = Tmp|Any CPU
		{DEE5917F-8734-4F4E-A802-0FBB61A119DB}.SingleImage|Mixed Platforms.ActiveCfg = Tmp|Any CPU
		{DEE5917F-8734-4F4E-A802-0FBB61A119DB}.SingleImage|Mixed Platforms.Build.0 = Tmp|Any CPU
		{DEE5917F-8734-4F4E-A802-0FBB61A119DB}.SingleImage|x86.ActiveCfg = Tmp|Any CPU
		{DEE5917F-8734-4F4E-A802-0FBB61A119DB}.Tmp|Any CPU.ActiveCfg = Tmp|Any CPU
		{DEE5917F-8734-4F4E-A802-0FBB61A119DB}.Tmp|Any CPU.Build.0 = Tmp|Any CPU
		{DEE5917F-8734-4F4E-A802-0FBB61A119DB}.Tmp|Mixed Platforms.ActiveCfg = Tmp|Any CPU
		{DEE5917F-8734-4F4E-A802-0FBB61A119DB}.Tmp|x86.ActiveCfg = Tmp|Any CPU
		{E0FAB5B7-DBAF-40DA-8529-45C1B9EB808D}.CD_ROM|Any CPU.ActiveCfg = Tmp|Any CPU
		{E0FAB5B7-DBAF-40DA-8529-45C1B9EB808D}.CD_ROM|Any CPU.Build.0 = Tmp|Any CPU
		{E0FAB5B7-DBAF-40DA-8529-45C1B9EB808D}.CD_ROM|Mixed Platforms.ActiveCfg = Tmp|Any CPU
		{E0FAB5B7-DBAF-40DA-8529-45C1B9EB808D}.CD_ROM|Mixed Platforms.Build.0 = Tmp|Any CPU
		{E0FAB5B7-DBAF-40DA-8529-45C1B9EB808D}.CD_ROM|x86.ActiveCfg = Tmp|Any CPU
		{E0FAB5B7-DBAF-40DA-8529-45C1B9EB808D}.Debug|Any CPU.ActiveCfg = Debug|Any CPU
		{E0FAB5B7-DBAF-40DA-8529-45C1B9EB808D}.Debug|Any CPU.Build.0 = Debug|Any CPU
		{E0FAB5B7-DBAF-40DA-8529-45C1B9EB808D}.Debug|Mixed Platforms.ActiveCfg = Debug|Any CPU
		{E0FAB5B7-DBAF-40DA-8529-45C1B9EB808D}.Debug|Mixed Platforms.Build.0 = Debug|Any CPU
		{E0FAB5B7-DBAF-40DA-8529-45C1B9EB808D}.Debug|x86.ActiveCfg = Debug|Any CPU
		{E0FAB5B7-DBAF-40DA-8529-45C1B9EB808D}.DVD-5|Any CPU.ActiveCfg = Debug|Any CPU
		{E0FAB5B7-DBAF-40DA-8529-45C1B9EB808D}.DVD-5|Any CPU.Build.0 = Debug|Any CPU
		{E0FAB5B7-DBAF-40DA-8529-45C1B9EB808D}.DVD-5|Mixed Platforms.ActiveCfg = Debug|Any CPU
		{E0FAB5B7-DBAF-40DA-8529-45C1B9EB808D}.DVD-5|Mixed Platforms.Build.0 = Debug|Any CPU
		{E0FAB5B7-DBAF-40DA-8529-45C1B9EB808D}.DVD-5|x86.ActiveCfg = Debug|Any CPU
		{E0FAB5B7-DBAF-40DA-8529-45C1B9EB808D}.Release|Any CPU.ActiveCfg = Release|Any CPU
		{E0FAB5B7-DBAF-40DA-8529-45C1B9EB808D}.Release|Any CPU.Build.0 = Release|Any CPU
		{E0FAB5B7-DBAF-40DA-8529-45C1B9EB808D}.Release|Mixed Platforms.ActiveCfg = Release|Any CPU
		{E0FAB5B7-DBAF-40DA-8529-45C1B9EB808D}.Release|Mixed Platforms.Build.0 = Release|Any CPU
		{E0FAB5B7-DBAF-40DA-8529-45C1B9EB808D}.Release|x86.ActiveCfg = Release|Any CPU
		{E0FAB5B7-DBAF-40DA-8529-45C1B9EB808D}.SingleImage|Any CPU.ActiveCfg = Tmp|Any CPU
		{E0FAB5B7-DBAF-40DA-8529-45C1B9EB808D}.SingleImage|Any CPU.Build.0 = Tmp|Any CPU
		{E0FAB5B7-DBAF-40DA-8529-45C1B9EB808D}.SingleImage|Mixed Platforms.ActiveCfg = Tmp|Any CPU
		{E0FAB5B7-DBAF-40DA-8529-45C1B9EB808D}.SingleImage|Mixed Platforms.Build.0 = Tmp|Any CPU
		{E0FAB5B7-DBAF-40DA-8529-45C1B9EB808D}.SingleImage|x86.ActiveCfg = Tmp|Any CPU
		{E0FAB5B7-DBAF-40DA-8529-45C1B9EB808D}.Tmp|Any CPU.ActiveCfg = Tmp|Any CPU
		{E0FAB5B7-DBAF-40DA-8529-45C1B9EB808D}.Tmp|Any CPU.Build.0 = Tmp|Any CPU
		{E0FAB5B7-DBAF-40DA-8529-45C1B9EB808D}.Tmp|Mixed Platforms.ActiveCfg = Tmp|Any CPU
		{E0FAB5B7-DBAF-40DA-8529-45C1B9EB808D}.Tmp|x86.ActiveCfg = Tmp|Any CPU
		{8ADE00B7-D838-4849-AABE-BBD1EE64AAB9}.CD_ROM|Any CPU.ActiveCfg = Tmp|Any CPU
		{8ADE00B7-D838-4849-AABE-BBD1EE64AAB9}.CD_ROM|Any CPU.Build.0 = Tmp|Any CPU
		{8ADE00B7-D838-4849-AABE-BBD1EE64AAB9}.CD_ROM|Mixed Platforms.ActiveCfg = Tmp|Any CPU
		{8ADE00B7-D838-4849-AABE-BBD1EE64AAB9}.CD_ROM|Mixed Platforms.Build.0 = Tmp|Any CPU
		{8ADE00B7-D838-4849-AABE-BBD1EE64AAB9}.CD_ROM|x86.ActiveCfg = Tmp|Any CPU
		{8ADE00B7-D838-4849-AABE-BBD1EE64AAB9}.Debug|Any CPU.ActiveCfg = Debug|Any CPU
		{8ADE00B7-D838-4849-AABE-BBD1EE64AAB9}.Debug|Any CPU.Build.0 = Debug|Any CPU
		{8ADE00B7-D838-4849-AABE-BBD1EE64AAB9}.Debug|Mixed Platforms.ActiveCfg = Debug|Any CPU
		{8ADE00B7-D838-4849-AABE-BBD1EE64AAB9}.Debug|Mixed Platforms.Build.0 = Debug|Any CPU
		{8ADE00B7-D838-4849-AABE-BBD1EE64AAB9}.Debug|x86.ActiveCfg = Debug|Any CPU
		{8ADE00B7-D838-4849-AABE-BBD1EE64AAB9}.DVD-5|Any CPU.ActiveCfg = Debug|Any CPU
		{8ADE00B7-D838-4849-AABE-BBD1EE64AAB9}.DVD-5|Any CPU.Build.0 = Debug|Any CPU
		{8ADE00B7-D838-4849-AABE-BBD1EE64AAB9}.DVD-5|Mixed Platforms.ActiveCfg = Debug|Any CPU
		{8ADE00B7-D838-4849-AABE-BBD1EE64AAB9}.DVD-5|Mixed Platforms.Build.0 = Debug|Any CPU
		{8ADE00B7-D838-4849-AABE-BBD1EE64AAB9}.DVD-5|x86.ActiveCfg = Debug|Any CPU
		{8ADE00B7-D838-4849-AABE-BBD1EE64AAB9}.Release|Any CPU.ActiveCfg = Release|Any CPU
		{8ADE00B7-D838-4849-AABE-BBD1EE64AAB9}.Release|Any CPU.Build.0 = Release|Any CPU
		{8ADE00B7-D838-4849-AABE-BBD1EE64AAB9}.Release|Mixed Platforms.ActiveCfg = Release|Any CPU
		{8ADE00B7-D838-4849-AABE-BBD1EE64AAB9}.Release|Mixed Platforms.Build.0 = Release|Any CPU
		{8ADE00B7-D838-4849-AABE-BBD1EE64AAB9}.Release|x86.ActiveCfg = Release|Any CPU
		{8ADE00B7-D838-4849-AABE-BBD1EE64AAB9}.SingleImage|Any CPU.ActiveCfg = Tmp|Any CPU
		{8ADE00B7-D838-4849-AABE-BBD1EE64AAB9}.SingleImage|Any CPU.Build.0 = Tmp|Any CPU
		{8ADE00B7-D838-4849-AABE-BBD1EE64AAB9}.SingleImage|Mixed Platforms.ActiveCfg = Tmp|Any CPU
		{8ADE00B7-D838-4849-AABE-BBD1EE64AAB9}.SingleImage|Mixed Platforms.Build.0 = Tmp|Any CPU
		{8ADE00B7-D838-4849-AABE-BBD1EE64AAB9}.SingleImage|x86.ActiveCfg = Tmp|Any CPU
		{8ADE00B7-D838-4849-AABE-BBD1EE64AAB9}.Tmp|Any CPU.ActiveCfg = Tmp|Any CPU
		{8ADE00B7-D838-4849-AABE-BBD1EE64AAB9}.Tmp|Any CPU.Build.0 = Tmp|Any CPU
		{8ADE00B7-D838-4849-AABE-BBD1EE64AAB9}.Tmp|Mixed Platforms.ActiveCfg = Tmp|Any CPU
		{8ADE00B7-D838-4849-AABE-BBD1EE64AAB9}.Tmp|x86.ActiveCfg = Tmp|Any CPU
		{51DA8CDD-B301-4048-BBAC-8A1F3F505A5C}.CD_ROM|Any CPU.ActiveCfg = Tmp|Any CPU
		{51DA8CDD-B301-4048-BBAC-8A1F3F505A5C}.CD_ROM|Any CPU.Build.0 = Tmp|Any CPU
		{51DA8CDD-B301-4048-BBAC-8A1F3F505A5C}.CD_ROM|Mixed Platforms.ActiveCfg = Tmp|Any CPU
		{51DA8CDD-B301-4048-BBAC-8A1F3F505A5C}.CD_ROM|Mixed Platforms.Build.0 = Tmp|Any CPU
		{51DA8CDD-B301-4048-BBAC-8A1F3F505A5C}.CD_ROM|x86.ActiveCfg = Tmp|Any CPU
		{51DA8CDD-B301-4048-BBAC-8A1F3F505A5C}.Debug|Any CPU.ActiveCfg = Debug|Any CPU
		{51DA8CDD-B301-4048-BBAC-8A1F3F505A5C}.Debug|Any CPU.Build.0 = Debug|Any CPU
		{51DA8CDD-B301-4048-BBAC-8A1F3F505A5C}.Debug|Mixed Platforms.ActiveCfg = Debug|Any CPU
		{51DA8CDD-B301-4048-BBAC-8A1F3F505A5C}.Debug|Mixed Platforms.Build.0 = Debug|Any CPU
		{51DA8CDD-B301-4048-BBAC-8A1F3F505A5C}.Debug|x86.ActiveCfg = Debug|Any CPU
		{51DA8CDD-B301-4048-BBAC-8A1F3F505A5C}.DVD-5|Any CPU.ActiveCfg = Debug|Any CPU
		{51DA8CDD-B301-4048-BBAC-8A1F3F505A5C}.DVD-5|Any CPU.Build.0 = Debug|Any CPU
		{51DA8CDD-B301-4048-BBAC-8A1F3F505A5C}.DVD-5|Mixed Platforms.ActiveCfg = Debug|Any CPU
		{51DA8CDD-B301-4048-BBAC-8A1F3F505A5C}.DVD-5|Mixed Platforms.Build.0 = Debug|Any CPU
		{51DA8CDD-B301-4048-BBAC-8A1F3F505A5C}.DVD-5|x86.ActiveCfg = Debug|Any CPU
		{51DA8CDD-B301-4048-BBAC-8A1F3F505A5C}.Release|Any CPU.ActiveCfg = Release|Any CPU
		{51DA8CDD-B301-4048-BBAC-8A1F3F505A5C}.Release|Any CPU.Build.0 = Release|Any CPU
		{51DA8CDD-B301-4048-BBAC-8A1F3F505A5C}.Release|Mixed Platforms.ActiveCfg = Release|Any CPU
		{51DA8CDD-B301-4048-BBAC-8A1F3F505A5C}.Release|Mixed Platforms.Build.0 = Release|Any CPU
		{51DA8CDD-B301-4048-BBAC-8A1F3F505A5C}.Release|x86.ActiveCfg = Release|Any CPU
		{51DA8CDD-B301-4048-BBAC-8A1F3F505A5C}.SingleImage|Any CPU.ActiveCfg = Tmp|Any CPU
		{51DA8CDD-B301-4048-BBAC-8A1F3F505A5C}.SingleImage|Any CPU.Build.0 = Tmp|Any CPU
		{51DA8CDD-B301-4048-BBAC-8A1F3F505A5C}.SingleImage|Mixed Platforms.ActiveCfg = Tmp|Any CPU
		{51DA8CDD-B301-4048-BBAC-8A1F3F505A5C}.SingleImage|Mixed Platforms.Build.0 = Tmp|Any CPU
		{51DA8CDD-B301-4048-BBAC-8A1F3F505A5C}.SingleImage|x86.ActiveCfg = Tmp|Any CPU
		{51DA8CDD-B301-4048-BBAC-8A1F3F505A5C}.Tmp|Any CPU.ActiveCfg = Tmp|Any CPU
		{51DA8CDD-B301-4048-BBAC-8A1F3F505A5C}.Tmp|Any CPU.Build.0 = Tmp|Any CPU
		{51DA8CDD-B301-4048-BBAC-8A1F3F505A5C}.Tmp|Mixed Platforms.ActiveCfg = Tmp|Any CPU
		{51DA8CDD-B301-4048-BBAC-8A1F3F505A5C}.Tmp|x86.ActiveCfg = Tmp|Any CPU
		{19A73C09-C56E-4B52-B0C2-E55C52F5623D}.CD_ROM|Any CPU.ActiveCfg = Tmp|Any CPU
		{19A73C09-C56E-4B52-B0C2-E55C52F5623D}.CD_ROM|Any CPU.Build.0 = Tmp|Any CPU
		{19A73C09-C56E-4B52-B0C2-E55C52F5623D}.CD_ROM|Mixed Platforms.ActiveCfg = Tmp|Any CPU
		{19A73C09-C56E-4B52-B0C2-E55C52F5623D}.CD_ROM|Mixed Platforms.Build.0 = Tmp|Any CPU
		{19A73C09-C56E-4B52-B0C2-E55C52F5623D}.CD_ROM|x86.ActiveCfg = Tmp|Any CPU
		{19A73C09-C56E-4B52-B0C2-E55C52F5623D}.Debug|Any CPU.ActiveCfg = Debug|Any CPU
		{19A73C09-C56E-4B52-B0C2-E55C52F5623D}.Debug|Any CPU.Build.0 = Debug|Any CPU
		{19A73C09-C56E-4B52-B0C2-E55C52F5623D}.Debug|Mixed Platforms.ActiveCfg = Debug|Any CPU
		{19A73C09-C56E-4B52-B0C2-E55C52F5623D}.Debug|Mixed Platforms.Build.0 = Debug|Any CPU
		{19A73C09-C56E-4B52-B0C2-E55C52F5623D}.Debug|x86.ActiveCfg = Debug|Any CPU
		{19A73C09-C56E-4B52-B0C2-E55C52F5623D}.DVD-5|Any CPU.ActiveCfg = Debug|Any CPU
		{19A73C09-C56E-4B52-B0C2-E55C52F5623D}.DVD-5|Any CPU.Build.0 = Debug|Any CPU
		{19A73C09-C56E-4B52-B0C2-E55C52F5623D}.DVD-5|Mixed Platforms.ActiveCfg = Debug|Any CPU
		{19A73C09-C56E-4B52-B0C2-E55C52F5623D}.DVD-5|Mixed Platforms.Build.0 = Debug|Any CPU
		{19A73C09-C56E-4B52-B0C2-E55C52F5623D}.DVD-5|x86.ActiveCfg = Debug|Any CPU
		{19A73C09-C56E-4B52-B0C2-E55C52F5623D}.Release|Any CPU.ActiveCfg = Release|Any CPU
		{19A73C09-C56E-4B52-B0C2-E55C52F5623D}.Release|Any CPU.Build.0 = Release|Any CPU
		{19A73C09-C56E-4B52-B0C2-E55C52F5623D}.Release|Mixed Platforms.ActiveCfg = Release|Any CPU
		{19A73C09-C56E-4B52-B0C2-E55C52F5623D}.Release|Mixed Platforms.Build.0 = Release|Any CPU
		{19A73C09-C56E-4B52-B0C2-E55C52F5623D}.Release|x86.ActiveCfg = Release|Any CPU
		{19A73C09-C56E-4B52-B0C2-E55C52F5623D}.SingleImage|Any CPU.ActiveCfg = Tmp|Any CPU
		{19A73C09-C56E-4B52-B0C2-E55C52F5623D}.SingleImage|Any CPU.Build.0 = Tmp|Any CPU
		{19A73C09-C56E-4B52-B0C2-E55C52F5623D}.SingleImage|Mixed Platforms.ActiveCfg = Tmp|Any CPU
		{19A73C09-C56E-4B52-B0C2-E55C52F5623D}.SingleImage|Mixed Platforms.Build.0 = Tmp|Any CPU
		{19A73C09-C56E-4B52-B0C2-E55C52F5623D}.SingleImage|x86.ActiveCfg = Tmp|Any CPU
		{19A73C09-C56E-4B52-B0C2-E55C52F5623D}.Tmp|Any CPU.ActiveCfg = Tmp|Any CPU
		{19A73C09-C56E-4B52-B0C2-E55C52F5623D}.Tmp|Any CPU.Build.0 = Tmp|Any CPU
		{19A73C09-C56E-4B52-B0C2-E55C52F5623D}.Tmp|Mixed Platforms.ActiveCfg = Tmp|Any CPU
		{19A73C09-C56E-4B52-B0C2-E55C52F5623D}.Tmp|x86.ActiveCfg = Tmp|Any CPU
		{DD8BB6E7-B388-45E3-B882-82DB395E6511}.CD_ROM|Any CPU.ActiveCfg = Tmp|Any CPU
		{DD8BB6E7-B388-45E3-B882-82DB395E6511}.CD_ROM|Any CPU.Build.0 = Tmp|Any CPU
		{DD8BB6E7-B388-45E3-B882-82DB395E6511}.CD_ROM|Mixed Platforms.ActiveCfg = Tmp|Any CPU
		{DD8BB6E7-B388-45E3-B882-82DB395E6511}.CD_ROM|Mixed Platforms.Build.0 = Tmp|Any CPU
		{DD8BB6E7-B388-45E3-B882-82DB395E6511}.CD_ROM|x86.ActiveCfg = Tmp|Any CPU
		{DD8BB6E7-B388-45E3-B882-82DB395E6511}.Debug|Any CPU.ActiveCfg = Debug|Any CPU
		{DD8BB6E7-B388-45E3-B882-82DB395E6511}.Debug|Any CPU.Build.0 = Debug|Any CPU
		{DD8BB6E7-B388-45E3-B882-82DB395E6511}.Debug|Mixed Platforms.ActiveCfg = Debug|Any CPU
		{DD8BB6E7-B388-45E3-B882-82DB395E6511}.Debug|Mixed Platforms.Build.0 = Debug|Any CPU
		{DD8BB6E7-B388-45E3-B882-82DB395E6511}.Debug|x86.ActiveCfg = Debug|Any CPU
		{DD8BB6E7-B388-45E3-B882-82DB395E6511}.DVD-5|Any CPU.ActiveCfg = Debug|Any CPU
		{DD8BB6E7-B388-45E3-B882-82DB395E6511}.DVD-5|Any CPU.Build.0 = Debug|Any CPU
		{DD8BB6E7-B388-45E3-B882-82DB395E6511}.DVD-5|Mixed Platforms.ActiveCfg = Debug|Any CPU
		{DD8BB6E7-B388-45E3-B882-82DB395E6511}.DVD-5|Mixed Platforms.Build.0 = Debug|Any CPU
		{DD8BB6E7-B388-45E3-B882-82DB395E6511}.DVD-5|x86.ActiveCfg = Debug|Any CPU
		{DD8BB6E7-B388-45E3-B882-82DB395E6511}.Release|Any CPU.ActiveCfg = Release|Any CPU
		{DD8BB6E7-B388-45E3-B882-82DB395E6511}.Release|Any CPU.Build.0 = Release|Any CPU
		{DD8BB6E7-B388-45E3-B882-82DB395E6511}.Release|Mixed Platforms.ActiveCfg = Release|Any CPU
		{DD8BB6E7-B388-45E3-B882-82DB395E6511}.Release|Mixed Platforms.Build.0 = Release|Any CPU
		{DD8BB6E7-B388-45E3-B882-82DB395E6511}.Release|x86.ActiveCfg = Release|Any CPU
		{DD8BB6E7-B388-45E3-B882-82DB395E6511}.SingleImage|Any CPU.ActiveCfg = Tmp|Any CPU
		{DD8BB6E7-B388-45E3-B882-82DB395E6511}.SingleImage|Any CPU.Build.0 = Tmp|Any CPU
		{DD8BB6E7-B388-45E3-B882-82DB395E6511}.SingleImage|Mixed Platforms.ActiveCfg = Tmp|Any CPU
		{DD8BB6E7-B388-45E3-B882-82DB395E6511}.SingleImage|Mixed Platforms.Build.0 = Tmp|Any CPU
		{DD8BB6E7-B388-45E3-B882-82DB395E6511}.SingleImage|x86.ActiveCfg = Tmp|Any CPU
		{DD8BB6E7-B388-45E3-B882-82DB395E6511}.Tmp|Any CPU.ActiveCfg = Tmp|Any CPU
		{DD8BB6E7-B388-45E3-B882-82DB395E6511}.Tmp|Any CPU.Build.0 = Tmp|Any CPU
		{DD8BB6E7-B388-45E3-B882-82DB395E6511}.Tmp|Mixed Platforms.ActiveCfg = Tmp|Any CPU
		{DD8BB6E7-B388-45E3-B882-82DB395E6511}.Tmp|x86.ActiveCfg = Tmp|Any CPU
		{56C2A387-13DC-44FF-B9D4-409CFF124164}.CD_ROM|Any CPU.ActiveCfg = Tmp|Any CPU
		{56C2A387-13DC-44FF-B9D4-409CFF124164}.CD_ROM|Any CPU.Build.0 = Tmp|Any CPU
		{56C2A387-13DC-44FF-B9D4-409CFF124164}.CD_ROM|Mixed Platforms.ActiveCfg = Tmp|Any CPU
		{56C2A387-13DC-44FF-B9D4-409CFF124164}.CD_ROM|Mixed Platforms.Build.0 = Tmp|Any CPU
		{56C2A387-13DC-44FF-B9D4-409CFF124164}.CD_ROM|x86.ActiveCfg = Tmp|Any CPU
		{56C2A387-13DC-44FF-B9D4-409CFF124164}.Debug|Any CPU.ActiveCfg = Debug|Any CPU
		{56C2A387-13DC-44FF-B9D4-409CFF124164}.Debug|Any CPU.Build.0 = Debug|Any CPU
		{56C2A387-13DC-44FF-B9D4-409CFF124164}.Debug|Mixed Platforms.ActiveCfg = Debug|Any CPU
		{56C2A387-13DC-44FF-B9D4-409CFF124164}.Debug|Mixed Platforms.Build.0 = Debug|Any CPU
		{56C2A387-13DC-44FF-B9D4-409CFF124164}.Debug|x86.ActiveCfg = Debug|Any CPU
		{56C2A387-13DC-44FF-B9D4-409CFF124164}.DVD-5|Any CPU.ActiveCfg = Debug|Any CPU
		{56C2A387-13DC-44FF-B9D4-409CFF124164}.DVD-5|Any CPU.Build.0 = Debug|Any CPU
		{56C2A387-13DC-44FF-B9D4-409CFF124164}.DVD-5|Mixed Platforms.ActiveCfg = Debug|Any CPU
		{56C2A387-13DC-44FF-B9D4-409CFF124164}.DVD-5|Mixed Platforms.Build.0 = Debug|Any CPU
		{56C2A387-13DC-44FF-B9D4-409CFF124164}.DVD-5|x86.ActiveCfg = Debug|Any CPU
		{56C2A387-13DC-44FF-B9D4-409CFF124164}.Release|Any CPU.ActiveCfg = Release|Any CPU
		{56C2A387-13DC-44FF-B9D4-409CFF124164}.Release|Any CPU.Build.0 = Release|Any CPU
		{56C2A387-13DC-44FF-B9D4-409CFF124164}.Release|Mixed Platforms.ActiveCfg = Release|Any CPU
		{56C2A387-13DC-44FF-B9D4-409CFF124164}.Release|Mixed Platforms.Build.0 = Release|Any CPU
		{56C2A387-13DC-44FF-B9D4-409CFF124164}.Release|x86.ActiveCfg = Release|Any CPU
		{56C2A387-13DC-44FF-B9D4-409CFF124164}.SingleImage|Any CPU.ActiveCfg = Tmp|Any CPU
		{56C2A387-13DC-44FF-B9D4-409CFF124164}.SingleImage|Any CPU.Build.0 = Tmp|Any CPU
		{56C2A387-13DC-44FF-B9D4-409CFF124164}.SingleImage|Mixed Platforms.ActiveCfg = Tmp|Any CPU
		{56C2A387-13DC-44FF-B9D4-409CFF124164}.SingleImage|Mixed Platforms.Build.0 = Tmp|Any CPU
		{56C2A387-13DC-44FF-B9D4-409CFF124164}.SingleImage|x86.ActiveCfg = Tmp|Any CPU
		{56C2A387-13DC-44FF-B9D4-409CFF124164}.Tmp|Any CPU.ActiveCfg = Tmp|Any CPU
		{56C2A387-13DC-44FF-B9D4-409CFF124164}.Tmp|Any CPU.Build.0 = Tmp|Any CPU
		{56C2A387-13DC-44FF-B9D4-409CFF124164}.Tmp|Mixed Platforms.ActiveCfg = Tmp|Any CPU
		{56C2A387-13DC-44FF-B9D4-409CFF124164}.Tmp|x86.ActiveCfg = Tmp|Any CPU
		{F9DEF84B-37EC-48DA-A302-BF4AB960185A}.CD_ROM|Any CPU.ActiveCfg = Tmp|Any CPU
		{F9DEF84B-37EC-48DA-A302-BF4AB960185A}.CD_ROM|Any CPU.Build.0 = Tmp|Any CPU
		{F9DEF84B-37EC-48DA-A302-BF4AB960185A}.CD_ROM|Mixed Platforms.ActiveCfg = Tmp|Any CPU
		{F9DEF84B-37EC-48DA-A302-BF4AB960185A}.CD_ROM|Mixed Platforms.Build.0 = Tmp|Any CPU
		{F9DEF84B-37EC-48DA-A302-BF4AB960185A}.CD_ROM|x86.ActiveCfg = Tmp|Any CPU
		{F9DEF84B-37EC-48DA-A302-BF4AB960185A}.Debug|Any CPU.ActiveCfg = Debug|Any CPU
		{F9DEF84B-37EC-48DA-A302-BF4AB960185A}.Debug|Any CPU.Build.0 = Debug|Any CPU
		{F9DEF84B-37EC-48DA-A302-BF4AB960185A}.Debug|Mixed Platforms.ActiveCfg = Debug|Any CPU
		{F9DEF84B-37EC-48DA-A302-BF4AB960185A}.Debug|Mixed Platforms.Build.0 = Debug|Any CPU
		{F9DEF84B-37EC-48DA-A302-BF4AB960185A}.Debug|x86.ActiveCfg = Debug|Any CPU
		{F9DEF84B-37EC-48DA-A302-BF4AB960185A}.DVD-5|Any CPU.ActiveCfg = Debug|Any CPU
		{F9DEF84B-37EC-48DA-A302-BF4AB960185A}.DVD-5|Any CPU.Build.0 = Debug|Any CPU
		{F9DEF84B-37EC-48DA-A302-BF4AB960185A}.DVD-5|Mixed Platforms.ActiveCfg = Debug|Any CPU
		{F9DEF84B-37EC-48DA-A302-BF4AB960185A}.DVD-5|Mixed Platforms.Build.0 = Debug|Any CPU
		{F9DEF84B-37EC-48DA-A302-BF4AB960185A}.DVD-5|x86.ActiveCfg = Debug|Any CPU
		{F9DEF84B-37EC-48DA-A302-BF4AB960185A}.Release|Any CPU.ActiveCfg = Release|Any CPU
		{F9DEF84B-37EC-48DA-A302-BF4AB960185A}.Release|Any CPU.Build.0 = Release|Any CPU
		{F9DEF84B-37EC-48DA-A302-BF4AB960185A}.Release|Mixed Platforms.ActiveCfg = Release|Any CPU
		{F9DEF84B-37EC-48DA-A302-BF4AB960185A}.Release|Mixed Platforms.Build.0 = Release|Any CPU
		{F9DEF84B-37EC-48DA-A302-BF4AB960185A}.Release|x86.ActiveCfg = Release|Any CPU
		{F9DEF84B-37EC-48DA-A302-BF4AB960185A}.SingleImage|Any CPU.ActiveCfg = Tmp|Any CPU
		{F9DEF84B-37EC-48DA-A302-BF4AB960185A}.SingleImage|Any CPU.Build.0 = Tmp|Any CPU
		{F9DEF84B-37EC-48DA-A302-BF4AB960185A}.SingleImage|Mixed Platforms.ActiveCfg = Tmp|Any CPU
		{F9DEF84B-37EC-48DA-A302-BF4AB960185A}.SingleImage|Mixed Platforms.Build.0 = Tmp|Any CPU
		{F9DEF84B-37EC-48DA-A302-BF4AB960185A}.SingleImage|x86.ActiveCfg = Tmp|Any CPU
		{F9DEF84B-37EC-48DA-A302-BF4AB960185A}.Tmp|Any CPU.ActiveCfg = Tmp|Any CPU
		{F9DEF84B-37EC-48DA-A302-BF4AB960185A}.Tmp|Any CPU.Build.0 = Tmp|Any CPU
		{F9DEF84B-37EC-48DA-A302-BF4AB960185A}.Tmp|Mixed Platforms.ActiveCfg = Tmp|Any CPU
		{F9DEF84B-37EC-48DA-A302-BF4AB960185A}.Tmp|Mixed Platforms.Build.0 = Tmp|Any CPU
		{F9DEF84B-37EC-48DA-A302-BF4AB960185A}.Tmp|x86.ActiveCfg = Tmp|Any CPU
		{E2B5600E-1DB5-4D71-8F84-0251317C5E11}.CD_ROM|Any CPU.ActiveCfg = Tmp|Any CPU
		{E2B5600E-1DB5-4D71-8F84-0251317C5E11}.CD_ROM|Any CPU.Build.0 = Tmp|Any CPU
		{E2B5600E-1DB5-4D71-8F84-0251317C5E11}.CD_ROM|Mixed Platforms.ActiveCfg = Tmp|Any CPU
		{E2B5600E-1DB5-4D71-8F84-0251317C5E11}.CD_ROM|Mixed Platforms.Build.0 = Tmp|Any CPU
		{E2B5600E-1DB5-4D71-8F84-0251317C5E11}.CD_ROM|x86.ActiveCfg = Tmp|Any CPU
		{E2B5600E-1DB5-4D71-8F84-0251317C5E11}.Debug|Any CPU.ActiveCfg = Debug|Any CPU
		{E2B5600E-1DB5-4D71-8F84-0251317C5E11}.Debug|Any CPU.Build.0 = Debug|Any CPU
		{E2B5600E-1DB5-4D71-8F84-0251317C5E11}.Debug|Mixed Platforms.ActiveCfg = Debug|Any CPU
		{E2B5600E-1DB5-4D71-8F84-0251317C5E11}.Debug|Mixed Platforms.Build.0 = Debug|Any CPU
		{E2B5600E-1DB5-4D71-8F84-0251317C5E11}.Debug|x86.ActiveCfg = Debug|Any CPU
		{E2B5600E-1DB5-4D71-8F84-0251317C5E11}.DVD-5|Any CPU.ActiveCfg = Debug|Any CPU
		{E2B5600E-1DB5-4D71-8F84-0251317C5E11}.DVD-5|Any CPU.Build.0 = Debug|Any CPU
		{E2B5600E-1DB5-4D71-8F84-0251317C5E11}.DVD-5|Mixed Platforms.ActiveCfg = Debug|Any CPU
		{E2B5600E-1DB5-4D71-8F84-0251317C5E11}.DVD-5|Mixed Platforms.Build.0 = Debug|Any CPU
		{E2B5600E-1DB5-4D71-8F84-0251317C5E11}.DVD-5|x86.ActiveCfg = Debug|Any CPU
		{E2B5600E-1DB5-4D71-8F84-0251317C5E11}.Release|Any CPU.ActiveCfg = Release|Any CPU
		{E2B5600E-1DB5-4D71-8F84-0251317C5E11}.Release|Any CPU.Build.0 = Release|Any CPU
		{E2B5600E-1DB5-4D71-8F84-0251317C5E11}.Release|Mixed Platforms.ActiveCfg = Release|Any CPU
		{E2B5600E-1DB5-4D71-8F84-0251317C5E11}.Release|Mixed Platforms.Build.0 = Release|Any CPU
		{E2B5600E-1DB5-4D71-8F84-0251317C5E11}.Release|x86.ActiveCfg = Release|Any CPU
		{E2B5600E-1DB5-4D71-8F84-0251317C5E11}.SingleImage|Any CPU.ActiveCfg = Tmp|Any CPU
		{E2B5600E-1DB5-4D71-8F84-0251317C5E11}.SingleImage|Any CPU.Build.0 = Tmp|Any CPU
		{E2B5600E-1DB5-4D71-8F84-0251317C5E11}.SingleImage|Mixed Platforms.ActiveCfg = Tmp|Any CPU
		{E2B5600E-1DB5-4D71-8F84-0251317C5E11}.SingleImage|Mixed Platforms.Build.0 = Tmp|Any CPU
		{E2B5600E-1DB5-4D71-8F84-0251317C5E11}.SingleImage|x86.ActiveCfg = Tmp|Any CPU
		{E2B5600E-1DB5-4D71-8F84-0251317C5E11}.Tmp|Any CPU.ActiveCfg = Tmp|Any CPU
		{E2B5600E-1DB5-4D71-8F84-0251317C5E11}.Tmp|Any CPU.Build.0 = Tmp|Any CPU
		{E2B5600E-1DB5-4D71-8F84-0251317C5E11}.Tmp|Mixed Platforms.ActiveCfg = Tmp|Any CPU
		{E2B5600E-1DB5-4D71-8F84-0251317C5E11}.Tmp|x86.ActiveCfg = Tmp|Any CPU
		{DBA257AC-374B-43F7-B4A8-7B2537EC1D36}.CD_ROM|Any CPU.ActiveCfg = Tmp|Any CPU
		{DBA257AC-374B-43F7-B4A8-7B2537EC1D36}.CD_ROM|Any CPU.Build.0 = Tmp|Any CPU
		{DBA257AC-374B-43F7-B4A8-7B2537EC1D36}.CD_ROM|Mixed Platforms.ActiveCfg = Tmp|Any CPU
		{DBA257AC-374B-43F7-B4A8-7B2537EC1D36}.CD_ROM|Mixed Platforms.Build.0 = Tmp|Any CPU
		{DBA257AC-374B-43F7-B4A8-7B2537EC1D36}.CD_ROM|x86.ActiveCfg = Tmp|Any CPU
		{DBA257AC-374B-43F7-B4A8-7B2537EC1D36}.Debug|Any CPU.ActiveCfg = Debug|Any CPU
		{DBA257AC-374B-43F7-B4A8-7B2537EC1D36}.Debug|Any CPU.Build.0 = Debug|Any CPU
		{DBA257AC-374B-43F7-B4A8-7B2537EC1D36}.Debug|Mixed Platforms.ActiveCfg = Debug|Any CPU
		{DBA257AC-374B-43F7-B4A8-7B2537EC1D36}.Debug|Mixed Platforms.Build.0 = Debug|Any CPU
		{DBA257AC-374B-43F7-B4A8-7B2537EC1D36}.Debug|x86.ActiveCfg = Debug|Any CPU
		{DBA257AC-374B-43F7-B4A8-7B2537EC1D36}.DVD-5|Any CPU.ActiveCfg = Debug|Any CPU
		{DBA257AC-374B-43F7-B4A8-7B2537EC1D36}.DVD-5|Any CPU.Build.0 = Debug|Any CPU
		{DBA257AC-374B-43F7-B4A8-7B2537EC1D36}.DVD-5|Mixed Platforms.ActiveCfg = Debug|Any CPU
		{DBA257AC-374B-43F7-B4A8-7B2537EC1D36}.DVD-5|Mixed Platforms.Build.0 = Debug|Any CPU
		{DBA257AC-374B-43F7-B4A8-7B2537EC1D36}.DVD-5|x86.ActiveCfg = Debug|Any CPU
		{DBA257AC-374B-43F7-B4A8-7B2537EC1D36}.Release|Any CPU.ActiveCfg = Release|Any CPU
		{DBA257AC-374B-43F7-B4A8-7B2537EC1D36}.Release|Any CPU.Build.0 = Release|Any CPU
		{DBA257AC-374B-43F7-B4A8-7B2537EC1D36}.Release|Mixed Platforms.ActiveCfg = Release|Any CPU
		{DBA257AC-374B-43F7-B4A8-7B2537EC1D36}.Release|Mixed Platforms.Build.0 = Release|Any CPU
		{DBA257AC-374B-43F7-B4A8-7B2537EC1D36}.Release|x86.ActiveCfg = Release|Any CPU
		{DBA257AC-374B-43F7-B4A8-7B2537EC1D36}.SingleImage|Any CPU.ActiveCfg = Tmp|Any CPU
		{DBA257AC-374B-43F7-B4A8-7B2537EC1D36}.SingleImage|Any CPU.Build.0 = Tmp|Any CPU
		{DBA257AC-374B-43F7-B4A8-7B2537EC1D36}.SingleImage|Mixed Platforms.ActiveCfg = Tmp|Any CPU
		{DBA257AC-374B-43F7-B4A8-7B2537EC1D36}.SingleImage|Mixed Platforms.Build.0 = Tmp|Any CPU
		{DBA257AC-374B-43F7-B4A8-7B2537EC1D36}.SingleImage|x86.ActiveCfg = Tmp|Any CPU
		{DBA257AC-374B-43F7-B4A8-7B2537EC1D36}.Tmp|Any CPU.ActiveCfg = Tmp|Any CPU
		{DBA257AC-374B-43F7-B4A8-7B2537EC1D36}.Tmp|Any CPU.Build.0 = Tmp|Any CPU
		{DBA257AC-374B-43F7-B4A8-7B2537EC1D36}.Tmp|Mixed Platforms.ActiveCfg = Tmp|Any CPU
		{DBA257AC-374B-43F7-B4A8-7B2537EC1D36}.Tmp|x86.ActiveCfg = Tmp|Any CPU
		{0A3E0A33-D910-4A56-B336-E0DE9DC41B22}.CD_ROM|Any CPU.ActiveCfg = Tmp|Any CPU
		{0A3E0A33-D910-4A56-B336-E0DE9DC41B22}.CD_ROM|Any CPU.Build.0 = Tmp|Any CPU
		{0A3E0A33-D910-4A56-B336-E0DE9DC41B22}.CD_ROM|Mixed Platforms.ActiveCfg = Tmp|Any CPU
		{0A3E0A33-D910-4A56-B336-E0DE9DC41B22}.CD_ROM|Mixed Platforms.Build.0 = Tmp|Any CPU
		{0A3E0A33-D910-4A56-B336-E0DE9DC41B22}.CD_ROM|x86.ActiveCfg = Tmp|Any CPU
		{0A3E0A33-D910-4A56-B336-E0DE9DC41B22}.Debug|Any CPU.ActiveCfg = Debug|Any CPU
		{0A3E0A33-D910-4A56-B336-E0DE9DC41B22}.Debug|Any CPU.Build.0 = Debug|Any CPU
		{0A3E0A33-D910-4A56-B336-E0DE9DC41B22}.Debug|Mixed Platforms.ActiveCfg = Debug|Any CPU
		{0A3E0A33-D910-4A56-B336-E0DE9DC41B22}.Debug|Mixed Platforms.Build.0 = Debug|Any CPU
		{0A3E0A33-D910-4A56-B336-E0DE9DC41B22}.Debug|x86.ActiveCfg = Debug|Any CPU
		{0A3E0A33-D910-4A56-B336-E0DE9DC41B22}.DVD-5|Any CPU.ActiveCfg = Debug|Any CPU
		{0A3E0A33-D910-4A56-B336-E0DE9DC41B22}.DVD-5|Any CPU.Build.0 = Debug|Any CPU
		{0A3E0A33-D910-4A56-B336-E0DE9DC41B22}.DVD-5|Mixed Platforms.ActiveCfg = Debug|Any CPU
		{0A3E0A33-D910-4A56-B336-E0DE9DC41B22}.DVD-5|Mixed Platforms.Build.0 = Debug|Any CPU
		{0A3E0A33-D910-4A56-B336-E0DE9DC41B22}.DVD-5|x86.ActiveCfg = Debug|Any CPU
		{0A3E0A33-D910-4A56-B336-E0DE9DC41B22}.Release|Any CPU.ActiveCfg = Release|Any CPU
		{0A3E0A33-D910-4A56-B336-E0DE9DC41B22}.Release|Any CPU.Build.0 = Release|Any CPU
		{0A3E0A33-D910-4A56-B336-E0DE9DC41B22}.Release|Mixed Platforms.ActiveCfg = Release|Any CPU
		{0A3E0A33-D910-4A56-B336-E0DE9DC41B22}.Release|Mixed Platforms.Build.0 = Release|Any CPU
		{0A3E0A33-D910-4A56-B336-E0DE9DC41B22}.Release|x86.ActiveCfg = Release|Any CPU
		{0A3E0A33-D910-4A56-B336-E0DE9DC41B22}.SingleImage|Any CPU.ActiveCfg = Tmp|Any CPU
		{0A3E0A33-D910-4A56-B336-E0DE9DC41B22}.SingleImage|Any CPU.Build.0 = Tmp|Any CPU
		{0A3E0A33-D910-4A56-B336-E0DE9DC41B22}.SingleImage|Mixed Platforms.ActiveCfg = Tmp|Any CPU
		{0A3E0A33-D910-4A56-B336-E0DE9DC41B22}.SingleImage|Mixed Platforms.Build.0 = Tmp|Any CPU
		{0A3E0A33-D910-4A56-B336-E0DE9DC41B22}.SingleImage|x86.ActiveCfg = Tmp|Any CPU
		{0A3E0A33-D910-4A56-B336-E0DE9DC41B22}.Tmp|Any CPU.ActiveCfg = Tmp|Any CPU
		{0A3E0A33-D910-4A56-B336-E0DE9DC41B22}.Tmp|Any CPU.Build.0 = Tmp|Any CPU
		{0A3E0A33-D910-4A56-B336-E0DE9DC41B22}.Tmp|Mixed Platforms.ActiveCfg = Tmp|Any CPU
		{0A3E0A33-D910-4A56-B336-E0DE9DC41B22}.Tmp|x86.ActiveCfg = Tmp|Any CPU
		{E1F044DF-233A-4383-BED2-D15F9F29B070}.CD_ROM|Any CPU.ActiveCfg = Tmp|Any CPU
		{E1F044DF-233A-4383-BED2-D15F9F29B070}.CD_ROM|Any CPU.Build.0 = Tmp|Any CPU
		{E1F044DF-233A-4383-BED2-D15F9F29B070}.CD_ROM|Mixed Platforms.ActiveCfg = Tmp|Any CPU
		{E1F044DF-233A-4383-BED2-D15F9F29B070}.CD_ROM|Mixed Platforms.Build.0 = Tmp|Any CPU
		{E1F044DF-233A-4383-BED2-D15F9F29B070}.CD_ROM|x86.ActiveCfg = Tmp|Any CPU
		{E1F044DF-233A-4383-BED2-D15F9F29B070}.Debug|Any CPU.ActiveCfg = Debug|Any CPU
		{E1F044DF-233A-4383-BED2-D15F9F29B070}.Debug|Any CPU.Build.0 = Debug|Any CPU
		{E1F044DF-233A-4383-BED2-D15F9F29B070}.Debug|Mixed Platforms.ActiveCfg = Debug|Any CPU
		{E1F044DF-233A-4383-BED2-D15F9F29B070}.Debug|Mixed Platforms.Build.0 = Debug|Any CPU
		{E1F044DF-233A-4383-BED2-D15F9F29B070}.Debug|x86.ActiveCfg = Debug|Any CPU
		{E1F044DF-233A-4383-BED2-D15F9F29B070}.DVD-5|Any CPU.ActiveCfg = Debug|Any CPU
		{E1F044DF-233A-4383-BED2-D15F9F29B070}.DVD-5|Any CPU.Build.0 = Debug|Any CPU
		{E1F044DF-233A-4383-BED2-D15F9F29B070}.DVD-5|Mixed Platforms.ActiveCfg = Debug|Any CPU
		{E1F044DF-233A-4383-BED2-D15F9F29B070}.DVD-5|Mixed Platforms.Build.0 = Debug|Any CPU
		{E1F044DF-233A-4383-BED2-D15F9F29B070}.DVD-5|x86.ActiveCfg = Debug|Any CPU
		{E1F044DF-233A-4383-BED2-D15F9F29B070}.Release|Any CPU.ActiveCfg = Release|Any CPU
		{E1F044DF-233A-4383-BED2-D15F9F29B070}.Release|Any CPU.Build.0 = Release|Any CPU
		{E1F044DF-233A-4383-BED2-D15F9F29B070}.Release|Mixed Platforms.ActiveCfg = Release|Any CPU
		{E1F044DF-233A-4383-BED2-D15F9F29B070}.Release|Mixed Platforms.Build.0 = Release|Any CPU
		{E1F044DF-233A-4383-BED2-D15F9F29B070}.Release|x86.ActiveCfg = Release|Any CPU
		{E1F044DF-233A-4383-BED2-D15F9F29B070}.SingleImage|Any CPU.ActiveCfg = Tmp|Any CPU
		{E1F044DF-233A-4383-BED2-D15F9F29B070}.SingleImage|Any CPU.Build.0 = Tmp|Any CPU
		{E1F044DF-233A-4383-BED2-D15F9F29B070}.SingleImage|Mixed Platforms.ActiveCfg = Tmp|Any CPU
		{E1F044DF-233A-4383-BED2-D15F9F29B070}.SingleImage|Mixed Platforms.Build.0 = Tmp|Any CPU
		{E1F044DF-233A-4383-BED2-D15F9F29B070}.SingleImage|x86.ActiveCfg = Tmp|Any CPU
		{E1F044DF-233A-4383-BED2-D15F9F29B070}.Tmp|Any CPU.ActiveCfg = Tmp|Any CPU
		{E1F044DF-233A-4383-BED2-D15F9F29B070}.Tmp|Any CPU.Build.0 = Tmp|Any CPU
		{E1F044DF-233A-4383-BED2-D15F9F29B070}.Tmp|Mixed Platforms.ActiveCfg = Tmp|Any CPU
		{E1F044DF-233A-4383-BED2-D15F9F29B070}.Tmp|x86.ActiveCfg = Tmp|Any CPU
		{A8C669B1-2E1C-4F80-9951-7FFED066A447}.CD_ROM|Any CPU.ActiveCfg = Tmp|Any CPU
		{A8C669B1-2E1C-4F80-9951-7FFED066A447}.CD_ROM|Any CPU.Build.0 = Tmp|Any CPU
		{A8C669B1-2E1C-4F80-9951-7FFED066A447}.CD_ROM|Mixed Platforms.ActiveCfg = Tmp|Any CPU
		{A8C669B1-2E1C-4F80-9951-7FFED066A447}.CD_ROM|Mixed Platforms.Build.0 = Tmp|Any CPU
		{A8C669B1-2E1C-4F80-9951-7FFED066A447}.CD_ROM|x86.ActiveCfg = Tmp|Any CPU
		{A8C669B1-2E1C-4F80-9951-7FFED066A447}.Debug|Any CPU.ActiveCfg = Debug|Any CPU
		{A8C669B1-2E1C-4F80-9951-7FFED066A447}.Debug|Any CPU.Build.0 = Debug|Any CPU
		{A8C669B1-2E1C-4F80-9951-7FFED066A447}.Debug|Mixed Platforms.ActiveCfg = Debug|Any CPU
		{A8C669B1-2E1C-4F80-9951-7FFED066A447}.Debug|Mixed Platforms.Build.0 = Debug|Any CPU
		{A8C669B1-2E1C-4F80-9951-7FFED066A447}.Debug|x86.ActiveCfg = Debug|Any CPU
		{A8C669B1-2E1C-4F80-9951-7FFED066A447}.DVD-5|Any CPU.ActiveCfg = Debug|Any CPU
		{A8C669B1-2E1C-4F80-9951-7FFED066A447}.DVD-5|Any CPU.Build.0 = Debug|Any CPU
		{A8C669B1-2E1C-4F80-9951-7FFED066A447}.DVD-5|Mixed Platforms.ActiveCfg = Debug|Any CPU
		{A8C669B1-2E1C-4F80-9951-7FFED066A447}.DVD-5|Mixed Platforms.Build.0 = Debug|Any CPU
		{A8C669B1-2E1C-4F80-9951-7FFED066A447}.DVD-5|x86.ActiveCfg = Debug|Any CPU
		{A8C669B1-2E1C-4F80-9951-7FFED066A447}.Release|Any CPU.ActiveCfg = Release|Any CPU
		{A8C669B1-2E1C-4F80-9951-7FFED066A447}.Release|Any CPU.Build.0 = Release|Any CPU
		{A8C669B1-2E1C-4F80-9951-7FFED066A447}.Release|Mixed Platforms.ActiveCfg = Release|Any CPU
		{A8C669B1-2E1C-4F80-9951-7FFED066A447}.Release|Mixed Platforms.Build.0 = Release|Any CPU
		{A8C669B1-2E1C-4F80-9951-7FFED066A447}.Release|x86.ActiveCfg = Release|Any CPU
		{A8C669B1-2E1C-4F80-9951-7FFED066A447}.SingleImage|Any CPU.ActiveCfg = Tmp|Any CPU
		{A8C669B1-2E1C-4F80-9951-7FFED066A447}.SingleImage|Any CPU.Build.0 = Tmp|Any CPU
		{A8C669B1-2E1C-4F80-9951-7FFED066A447}.SingleImage|Mixed Platforms.ActiveCfg = Tmp|Any CPU
		{A8C669B1-2E1C-4F80-9951-7FFED066A447}.SingleImage|Mixed Platforms.Build.0 = Tmp|Any CPU
		{A8C669B1-2E1C-4F80-9951-7FFED066A447}.SingleImage|x86.ActiveCfg = Tmp|Any CPU
		{A8C669B1-2E1C-4F80-9951-7FFED066A447}.Tmp|Any CPU.ActiveCfg = Tmp|Any CPU
		{A8C669B1-2E1C-4F80-9951-7FFED066A447}.Tmp|Any CPU.Build.0 = Tmp|Any CPU
		{A8C669B1-2E1C-4F80-9951-7FFED066A447}.Tmp|Mixed Platforms.ActiveCfg = Tmp|Any CPU
		{A8C669B1-2E1C-4F80-9951-7FFED066A447}.Tmp|x86.ActiveCfg = Tmp|Any CPU
		{5C4B86E7-6E5F-4D0C-9B81-218CF56D2CFB}.CD_ROM|Any CPU.ActiveCfg = Tmp|Any CPU
		{5C4B86E7-6E5F-4D0C-9B81-218CF56D2CFB}.CD_ROM|Any CPU.Build.0 = Tmp|Any CPU
		{5C4B86E7-6E5F-4D0C-9B81-218CF56D2CFB}.CD_ROM|Mixed Platforms.ActiveCfg = Tmp|Any CPU
		{5C4B86E7-6E5F-4D0C-9B81-218CF56D2CFB}.CD_ROM|Mixed Platforms.Build.0 = Tmp|Any CPU
		{5C4B86E7-6E5F-4D0C-9B81-218CF56D2CFB}.CD_ROM|x86.ActiveCfg = Tmp|Any CPU
		{5C4B86E7-6E5F-4D0C-9B81-218CF56D2CFB}.Debug|Any CPU.ActiveCfg = Debug|Any CPU
		{5C4B86E7-6E5F-4D0C-9B81-218CF56D2CFB}.Debug|Any CPU.Build.0 = Debug|Any CPU
		{5C4B86E7-6E5F-4D0C-9B81-218CF56D2CFB}.Debug|Mixed Platforms.ActiveCfg = Debug|Any CPU
		{5C4B86E7-6E5F-4D0C-9B81-218CF56D2CFB}.Debug|Mixed Platforms.Build.0 = Debug|Any CPU
		{5C4B86E7-6E5F-4D0C-9B81-218CF56D2CFB}.Debug|x86.ActiveCfg = Debug|Any CPU
		{5C4B86E7-6E5F-4D0C-9B81-218CF56D2CFB}.DVD-5|Any CPU.ActiveCfg = Debug|Any CPU
		{5C4B86E7-6E5F-4D0C-9B81-218CF56D2CFB}.DVD-5|Any CPU.Build.0 = Debug|Any CPU
		{5C4B86E7-6E5F-4D0C-9B81-218CF56D2CFB}.DVD-5|Mixed Platforms.ActiveCfg = Debug|Any CPU
		{5C4B86E7-6E5F-4D0C-9B81-218CF56D2CFB}.DVD-5|Mixed Platforms.Build.0 = Debug|Any CPU
		{5C4B86E7-6E5F-4D0C-9B81-218CF56D2CFB}.DVD-5|x86.ActiveCfg = Debug|Any CPU
		{5C4B86E7-6E5F-4D0C-9B81-218CF56D2CFB}.Release|Any CPU.ActiveCfg = Release|Any CPU
		{5C4B86E7-6E5F-4D0C-9B81-218CF56D2CFB}.Release|Any CPU.Build.0 = Release|Any CPU
		{5C4B86E7-6E5F-4D0C-9B81-218CF56D2CFB}.Release|Mixed Platforms.ActiveCfg = Release|Any CPU
		{5C4B86E7-6E5F-4D0C-9B81-218CF56D2CFB}.Release|Mixed Platforms.Build.0 = Release|Any CPU
		{5C4B86E7-6E5F-4D0C-9B81-218CF56D2CFB}.Release|x86.ActiveCfg = Release|Any CPU
		{5C4B86E7-6E5F-4D0C-9B81-218CF56D2CFB}.SingleImage|Any CPU.ActiveCfg = Tmp|Any CPU
		{5C4B86E7-6E5F-4D0C-9B81-218CF56D2CFB}.SingleImage|Any CPU.Build.0 = Tmp|Any CPU
		{5C4B86E7-6E5F-4D0C-9B81-218CF56D2CFB}.SingleImage|Mixed Platforms.ActiveCfg = Tmp|Any CPU
		{5C4B86E7-6E5F-4D0C-9B81-218CF56D2CFB}.SingleImage|Mixed Platforms.Build.0 = Tmp|Any CPU
		{5C4B86E7-6E5F-4D0C-9B81-218CF56D2CFB}.SingleImage|x86.ActiveCfg = Tmp|Any CPU
		{5C4B86E7-6E5F-4D0C-9B81-218CF56D2CFB}.Tmp|Any CPU.ActiveCfg = Tmp|Any CPU
		{5C4B86E7-6E5F-4D0C-9B81-218CF56D2CFB}.Tmp|Any CPU.Build.0 = Tmp|Any CPU
		{5C4B86E7-6E5F-4D0C-9B81-218CF56D2CFB}.Tmp|Mixed Platforms.ActiveCfg = Tmp|Any CPU
		{5C4B86E7-6E5F-4D0C-9B81-218CF56D2CFB}.Tmp|x86.ActiveCfg = Tmp|Any CPU
		{DE5CDC82-0839-4D2B-918E-FC1E0B635222}.CD_ROM|Any CPU.ActiveCfg = Tmp|Any CPU
		{DE5CDC82-0839-4D2B-918E-FC1E0B635222}.CD_ROM|Any CPU.Build.0 = Tmp|Any CPU
		{DE5CDC82-0839-4D2B-918E-FC1E0B635222}.CD_ROM|Mixed Platforms.ActiveCfg = Tmp|Any CPU
		{DE5CDC82-0839-4D2B-918E-FC1E0B635222}.CD_ROM|Mixed Platforms.Build.0 = Tmp|Any CPU
		{DE5CDC82-0839-4D2B-918E-FC1E0B635222}.CD_ROM|x86.ActiveCfg = Tmp|Any CPU
		{DE5CDC82-0839-4D2B-918E-FC1E0B635222}.Debug|Any CPU.ActiveCfg = Debug|Any CPU
		{DE5CDC82-0839-4D2B-918E-FC1E0B635222}.Debug|Any CPU.Build.0 = Debug|Any CPU
		{DE5CDC82-0839-4D2B-918E-FC1E0B635222}.Debug|Mixed Platforms.ActiveCfg = Debug|Any CPU
		{DE5CDC82-0839-4D2B-918E-FC1E0B635222}.Debug|Mixed Platforms.Build.0 = Debug|Any CPU
		{DE5CDC82-0839-4D2B-918E-FC1E0B635222}.Debug|x86.ActiveCfg = Debug|Any CPU
		{DE5CDC82-0839-4D2B-918E-FC1E0B635222}.DVD-5|Any CPU.ActiveCfg = Debug|Any CPU
		{DE5CDC82-0839-4D2B-918E-FC1E0B635222}.DVD-5|Any CPU.Build.0 = Debug|Any CPU
		{DE5CDC82-0839-4D2B-918E-FC1E0B635222}.DVD-5|Mixed Platforms.ActiveCfg = Debug|Any CPU
		{DE5CDC82-0839-4D2B-918E-FC1E0B635222}.DVD-5|Mixed Platforms.Build.0 = Debug|Any CPU
		{DE5CDC82-0839-4D2B-918E-FC1E0B635222}.DVD-5|x86.ActiveCfg = Debug|Any CPU
		{DE5CDC82-0839-4D2B-918E-FC1E0B635222}.Release|Any CPU.ActiveCfg = Release|Any CPU
		{DE5CDC82-0839-4D2B-918E-FC1E0B635222}.Release|Any CPU.Build.0 = Release|Any CPU
		{DE5CDC82-0839-4D2B-918E-FC1E0B635222}.Release|Mixed Platforms.ActiveCfg = Release|Any CPU
		{DE5CDC82-0839-4D2B-918E-FC1E0B635222}.Release|Mixed Platforms.Build.0 = Release|Any CPU
		{DE5CDC82-0839-4D2B-918E-FC1E0B635222}.Release|x86.ActiveCfg = Release|Any CPU
		{DE5CDC82-0839-4D2B-918E-FC1E0B635222}.SingleImage|Any CPU.ActiveCfg = Tmp|Any CPU
		{DE5CDC82-0839-4D2B-918E-FC1E0B635222}.SingleImage|Any CPU.Build.0 = Tmp|Any CPU
		{DE5CDC82-0839-4D2B-918E-FC1E0B635222}.SingleImage|Mixed Platforms.ActiveCfg = Tmp|Any CPU
		{DE5CDC82-0839-4D2B-918E-FC1E0B635222}.SingleImage|Mixed Platforms.Build.0 = Tmp|Any CPU
		{DE5CDC82-0839-4D2B-918E-FC1E0B635222}.SingleImage|x86.ActiveCfg = Tmp|Any CPU
		{DE5CDC82-0839-4D2B-918E-FC1E0B635222}.Tmp|Any CPU.ActiveCfg = Tmp|Any CPU
		{DE5CDC82-0839-4D2B-918E-FC1E0B635222}.Tmp|Any CPU.Build.0 = Tmp|Any CPU
		{DE5CDC82-0839-4D2B-918E-FC1E0B635222}.Tmp|Mixed Platforms.ActiveCfg = Tmp|Any CPU
		{DE5CDC82-0839-4D2B-918E-FC1E0B635222}.Tmp|x86.ActiveCfg = Tmp|Any CPU
		{7F292E13-4948-4BC5-AF7E-89AF2A7DD5FC}.CD_ROM|Any CPU.ActiveCfg = Tmp|Any CPU
		{7F292E13-4948-4BC5-AF7E-89AF2A7DD5FC}.CD_ROM|Any CPU.Build.0 = Tmp|Any CPU
		{7F292E13-4948-4BC5-AF7E-89AF2A7DD5FC}.CD_ROM|Mixed Platforms.ActiveCfg = Tmp|Any CPU
		{7F292E13-4948-4BC5-AF7E-89AF2A7DD5FC}.CD_ROM|Mixed Platforms.Build.0 = Tmp|Any CPU
		{7F292E13-4948-4BC5-AF7E-89AF2A7DD5FC}.CD_ROM|x86.ActiveCfg = Tmp|Any CPU
		{7F292E13-4948-4BC5-AF7E-89AF2A7DD5FC}.Debug|Any CPU.ActiveCfg = Debug|Any CPU
		{7F292E13-4948-4BC5-AF7E-89AF2A7DD5FC}.Debug|Any CPU.Build.0 = Debug|Any CPU
		{7F292E13-4948-4BC5-AF7E-89AF2A7DD5FC}.Debug|Mixed Platforms.ActiveCfg = Debug|Any CPU
		{7F292E13-4948-4BC5-AF7E-89AF2A7DD5FC}.Debug|Mixed Platforms.Build.0 = Debug|Any CPU
		{7F292E13-4948-4BC5-AF7E-89AF2A7DD5FC}.Debug|x86.ActiveCfg = Debug|Any CPU
		{7F292E13-4948-4BC5-AF7E-89AF2A7DD5FC}.DVD-5|Any CPU.ActiveCfg = Debug|Any CPU
		{7F292E13-4948-4BC5-AF7E-89AF2A7DD5FC}.DVD-5|Any CPU.Build.0 = Debug|Any CPU
		{7F292E13-4948-4BC5-AF7E-89AF2A7DD5FC}.DVD-5|Mixed Platforms.ActiveCfg = Debug|Any CPU
		{7F292E13-4948-4BC5-AF7E-89AF2A7DD5FC}.DVD-5|Mixed Platforms.Build.0 = Debug|Any CPU
		{7F292E13-4948-4BC5-AF7E-89AF2A7DD5FC}.DVD-5|x86.ActiveCfg = Debug|Any CPU
		{7F292E13-4948-4BC5-AF7E-89AF2A7DD5FC}.Release|Any CPU.ActiveCfg = Release|Any CPU
		{7F292E13-4948-4BC5-AF7E-89AF2A7DD5FC}.Release|Any CPU.Build.0 = Release|Any CPU
		{7F292E13-4948-4BC5-AF7E-89AF2A7DD5FC}.Release|Mixed Platforms.ActiveCfg = Release|Any CPU
		{7F292E13-4948-4BC5-AF7E-89AF2A7DD5FC}.Release|Mixed Platforms.Build.0 = Release|Any CPU
		{7F292E13-4948-4BC5-AF7E-89AF2A7DD5FC}.Release|x86.ActiveCfg = Release|Any CPU
		{7F292E13-4948-4BC5-AF7E-89AF2A7DD5FC}.SingleImage|Any CPU.ActiveCfg = Tmp|Any CPU
		{7F292E13-4948-4BC5-AF7E-89AF2A7DD5FC}.SingleImage|Any CPU.Build.0 = Tmp|Any CPU
		{7F292E13-4948-4BC5-AF7E-89AF2A7DD5FC}.SingleImage|Mixed Platforms.ActiveCfg = Tmp|Any CPU
		{7F292E13-4948-4BC5-AF7E-89AF2A7DD5FC}.SingleImage|Mixed Platforms.Build.0 = Tmp|Any CPU
		{7F292E13-4948-4BC5-AF7E-89AF2A7DD5FC}.SingleImage|x86.ActiveCfg = Tmp|Any CPU
		{7F292E13-4948-4BC5-AF7E-89AF2A7DD5FC}.Tmp|Any CPU.ActiveCfg = Tmp|Any CPU
		{7F292E13-4948-4BC5-AF7E-89AF2A7DD5FC}.Tmp|Any CPU.Build.0 = Tmp|Any CPU
		{7F292E13-4948-4BC5-AF7E-89AF2A7DD5FC}.Tmp|Mixed Platforms.ActiveCfg = Tmp|Any CPU
		{7F292E13-4948-4BC5-AF7E-89AF2A7DD5FC}.Tmp|x86.ActiveCfg = Tmp|Any CPU
		{C758C27C-F0B4-4234-8DDC-D800AB8B9A14}.CD_ROM|Any CPU.ActiveCfg = Tmp|Any CPU
		{C758C27C-F0B4-4234-8DDC-D800AB8B9A14}.CD_ROM|Any CPU.Build.0 = Tmp|Any CPU
		{C758C27C-F0B4-4234-8DDC-D800AB8B9A14}.CD_ROM|Mixed Platforms.ActiveCfg = Tmp|Any CPU
		{C758C27C-F0B4-4234-8DDC-D800AB8B9A14}.CD_ROM|Mixed Platforms.Build.0 = Tmp|Any CPU
		{C758C27C-F0B4-4234-8DDC-D800AB8B9A14}.CD_ROM|x86.ActiveCfg = Tmp|Any CPU
		{C758C27C-F0B4-4234-8DDC-D800AB8B9A14}.Debug|Any CPU.ActiveCfg = Debug|Any CPU
		{C758C27C-F0B4-4234-8DDC-D800AB8B9A14}.Debug|Any CPU.Build.0 = Debug|Any CPU
		{C758C27C-F0B4-4234-8DDC-D800AB8B9A14}.Debug|Mixed Platforms.ActiveCfg = Debug|Any CPU
		{C758C27C-F0B4-4234-8DDC-D800AB8B9A14}.Debug|Mixed Platforms.Build.0 = Debug|Any CPU
		{C758C27C-F0B4-4234-8DDC-D800AB8B9A14}.Debug|x86.ActiveCfg = Debug|Any CPU
		{C758C27C-F0B4-4234-8DDC-D800AB8B9A14}.DVD-5|Any CPU.ActiveCfg = Debug|Any CPU
		{C758C27C-F0B4-4234-8DDC-D800AB8B9A14}.DVD-5|Any CPU.Build.0 = Debug|Any CPU
		{C758C27C-F0B4-4234-8DDC-D800AB8B9A14}.DVD-5|Mixed Platforms.ActiveCfg = Debug|Any CPU
		{C758C27C-F0B4-4234-8DDC-D800AB8B9A14}.DVD-5|Mixed Platforms.Build.0 = Debug|Any CPU
		{C758C27C-F0B4-4234-8DDC-D800AB8B9A14}.DVD-5|x86.ActiveCfg = Debug|Any CPU
		{C758C27C-F0B4-4234-8DDC-D800AB8B9A14}.Release|Any CPU.ActiveCfg = Release|Any CPU
		{C758C27C-F0B4-4234-8DDC-D800AB8B9A14}.Release|Any CPU.Build.0 = Release|Any CPU
		{C758C27C-F0B4-4234-8DDC-D800AB8B9A14}.Release|Mixed Platforms.ActiveCfg = Release|Any CPU
		{C758C27C-F0B4-4234-8DDC-D800AB8B9A14}.Release|Mixed Platforms.Build.0 = Release|Any CPU
		{C758C27C-F0B4-4234-8DDC-D800AB8B9A14}.Release|x86.ActiveCfg = Release|Any CPU
		{C758C27C-F0B4-4234-8DDC-D800AB8B9A14}.SingleImage|Any CPU.ActiveCfg = Tmp|Any CPU
		{C758C27C-F0B4-4234-8DDC-D800AB8B9A14}.SingleImage|Any CPU.Build.0 = Tmp|Any CPU
		{C758C27C-F0B4-4234-8DDC-D800AB8B9A14}.SingleImage|Mixed Platforms.ActiveCfg = Tmp|Any CPU
		{C758C27C-F0B4-4234-8DDC-D800AB8B9A14}.SingleImage|Mixed Platforms.Build.0 = Tmp|Any CPU
		{C758C27C-F0B4-4234-8DDC-D800AB8B9A14}.SingleImage|x86.ActiveCfg = Tmp|Any CPU
		{C758C27C-F0B4-4234-8DDC-D800AB8B9A14}.Tmp|Any CPU.ActiveCfg = Tmp|Any CPU
		{C758C27C-F0B4-4234-8DDC-D800AB8B9A14}.Tmp|Any CPU.Build.0 = Tmp|Any CPU
		{C758C27C-F0B4-4234-8DDC-D800AB8B9A14}.Tmp|Mixed Platforms.ActiveCfg = Tmp|Any CPU
		{C758C27C-F0B4-4234-8DDC-D800AB8B9A14}.Tmp|x86.ActiveCfg = Tmp|Any CPU
		{B0E21294-B08A-444F-B617-3EABD6C85215}.CD_ROM|Any CPU.ActiveCfg = Tmp|Any CPU
		{B0E21294-B08A-444F-B617-3EABD6C85215}.CD_ROM|Any CPU.Build.0 = Tmp|Any CPU
		{B0E21294-B08A-444F-B617-3EABD6C85215}.CD_ROM|Mixed Platforms.ActiveCfg = Tmp|Any CPU
		{B0E21294-B08A-444F-B617-3EABD6C85215}.CD_ROM|Mixed Platforms.Build.0 = Tmp|Any CPU
		{B0E21294-B08A-444F-B617-3EABD6C85215}.CD_ROM|x86.ActiveCfg = Tmp|Any CPU
		{B0E21294-B08A-444F-B617-3EABD6C85215}.Debug|Any CPU.ActiveCfg = Debug|Any CPU
		{B0E21294-B08A-444F-B617-3EABD6C85215}.Debug|Any CPU.Build.0 = Debug|Any CPU
		{B0E21294-B08A-444F-B617-3EABD6C85215}.Debug|Mixed Platforms.ActiveCfg = Debug|Any CPU
		{B0E21294-B08A-444F-B617-3EABD6C85215}.Debug|Mixed Platforms.Build.0 = Debug|Any CPU
		{B0E21294-B08A-444F-B617-3EABD6C85215}.Debug|x86.ActiveCfg = Debug|Any CPU
		{B0E21294-B08A-444F-B617-3EABD6C85215}.DVD-5|Any CPU.ActiveCfg = Debug|Any CPU
		{B0E21294-B08A-444F-B617-3EABD6C85215}.DVD-5|Any CPU.Build.0 = Debug|Any CPU
		{B0E21294-B08A-444F-B617-3EABD6C85215}.DVD-5|Mixed Platforms.ActiveCfg = Debug|Any CPU
		{B0E21294-B08A-444F-B617-3EABD6C85215}.DVD-5|Mixed Platforms.Build.0 = Debug|Any CPU
		{B0E21294-B08A-444F-B617-3EABD6C85215}.DVD-5|x86.ActiveCfg = Debug|Any CPU
		{B0E21294-B08A-444F-B617-3EABD6C85215}.Release|Any CPU.ActiveCfg = Release|Any CPU
		{B0E21294-B08A-444F-B617-3EABD6C85215}.Release|Any CPU.Build.0 = Release|Any CPU
		{B0E21294-B08A-444F-B617-3EABD6C85215}.Release|Mixed Platforms.ActiveCfg = Release|Any CPU
		{B0E21294-B08A-444F-B617-3EABD6C85215}.Release|Mixed Platforms.Build.0 = Release|Any CPU
		{B0E21294-B08A-444F-B617-3EABD6C85215}.Release|x86.ActiveCfg = Release|Any CPU
		{B0E21294-B08A-444F-B617-3EABD6C85215}.SingleImage|Any CPU.ActiveCfg = Tmp|Any CPU
		{B0E21294-B08A-444F-B617-3EABD6C85215}.SingleImage|Any CPU.Build.0 = Tmp|Any CPU
		{B0E21294-B08A-444F-B617-3EABD6C85215}.SingleImage|Mixed Platforms.ActiveCfg = Tmp|Any CPU
		{B0E21294-B08A-444F-B617-3EABD6C85215}.SingleImage|Mixed Platforms.Build.0 = Tmp|Any CPU
		{B0E21294-B08A-444F-B617-3EABD6C85215}.SingleImage|x86.ActiveCfg = Tmp|Any CPU
		{B0E21294-B08A-444F-B617-3EABD6C85215}.Tmp|Any CPU.ActiveCfg = Tmp|Any CPU
		{B0E21294-B08A-444F-B617-3EABD6C85215}.Tmp|Any CPU.Build.0 = Tmp|Any CPU
		{B0E21294-B08A-444F-B617-3EABD6C85215}.Tmp|Mixed Platforms.ActiveCfg = Tmp|Any CPU
		{B0E21294-B08A-444F-B617-3EABD6C85215}.Tmp|x86.ActiveCfg = Tmp|Any CPU
		{2704C232-6877-439D-B697-681B02A611BC}.CD_ROM|Any CPU.ActiveCfg = Tmp|Any CPU
		{2704C232-6877-439D-B697-681B02A611BC}.CD_ROM|Any CPU.Build.0 = Tmp|Any CPU
		{2704C232-6877-439D-B697-681B02A611BC}.CD_ROM|Mixed Platforms.ActiveCfg = Tmp|Any CPU
		{2704C232-6877-439D-B697-681B02A611BC}.CD_ROM|Mixed Platforms.Build.0 = Tmp|Any CPU
		{2704C232-6877-439D-B697-681B02A611BC}.CD_ROM|x86.ActiveCfg = Tmp|Any CPU
		{2704C232-6877-439D-B697-681B02A611BC}.Debug|Any CPU.ActiveCfg = Debug|Any CPU
		{2704C232-6877-439D-B697-681B02A611BC}.Debug|Any CPU.Build.0 = Debug|Any CPU
		{2704C232-6877-439D-B697-681B02A611BC}.Debug|Mixed Platforms.ActiveCfg = Debug|Any CPU
		{2704C232-6877-439D-B697-681B02A611BC}.Debug|Mixed Platforms.Build.0 = Debug|Any CPU
		{2704C232-6877-439D-B697-681B02A611BC}.Debug|x86.ActiveCfg = Debug|Any CPU
		{2704C232-6877-439D-B697-681B02A611BC}.DVD-5|Any CPU.ActiveCfg = Debug|Any CPU
		{2704C232-6877-439D-B697-681B02A611BC}.DVD-5|Any CPU.Build.0 = Debug|Any CPU
		{2704C232-6877-439D-B697-681B02A611BC}.DVD-5|Mixed Platforms.ActiveCfg = Debug|Any CPU
		{2704C232-6877-439D-B697-681B02A611BC}.DVD-5|Mixed Platforms.Build.0 = Debug|Any CPU
		{2704C232-6877-439D-B697-681B02A611BC}.DVD-5|x86.ActiveCfg = Debug|Any CPU
		{2704C232-6877-439D-B697-681B02A611BC}.Release|Any CPU.ActiveCfg = Release|Any CPU
		{2704C232-6877-439D-B697-681B02A611BC}.Release|Any CPU.Build.0 = Release|Any CPU
		{2704C232-6877-439D-B697-681B02A611BC}.Release|Mixed Platforms.ActiveCfg = Release|Any CPU
		{2704C232-6877-439D-B697-681B02A611BC}.Release|Mixed Platforms.Build.0 = Release|Any CPU
		{2704C232-6877-439D-B697-681B02A611BC}.Release|x86.ActiveCfg = Release|Any CPU
		{2704C232-6877-439D-B697-681B02A611BC}.SingleImage|Any CPU.ActiveCfg = Tmp|Any CPU
		{2704C232-6877-439D-B697-681B02A611BC}.SingleImage|Any CPU.Build.0 = Tmp|Any CPU
		{2704C232-6877-439D-B697-681B02A611BC}.SingleImage|Mixed Platforms.ActiveCfg = Tmp|Any CPU
		{2704C232-6877-439D-B697-681B02A611BC}.SingleImage|Mixed Platforms.Build.0 = Tmp|Any CPU
		{2704C232-6877-439D-B697-681B02A611BC}.SingleImage|x86.ActiveCfg = Tmp|Any CPU
		{2704C232-6877-439D-B697-681B02A611BC}.Tmp|Any CPU.ActiveCfg = Tmp|Any CPU
		{2704C232-6877-439D-B697-681B02A611BC}.Tmp|Any CPU.Build.0 = Tmp|Any CPU
		{2704C232-6877-439D-B697-681B02A611BC}.Tmp|Mixed Platforms.ActiveCfg = Tmp|Any CPU
		{2704C232-6877-439D-B697-681B02A611BC}.Tmp|x86.ActiveCfg = Tmp|Any CPU
		{749C7348-179C-4782-A29E-72BC3E0B47E3}.CD_ROM|Any CPU.ActiveCfg = CD_ROM
		{749C7348-179C-4782-A29E-72BC3E0B47E3}.CD_ROM|Any CPU.Build.0 = CD_ROM
		{749C7348-179C-4782-A29E-72BC3E0B47E3}.CD_ROM|Mixed Platforms.ActiveCfg = CD_ROM
		{749C7348-179C-4782-A29E-72BC3E0B47E3}.CD_ROM|Mixed Platforms.Build.0 = CD_ROM
		{749C7348-179C-4782-A29E-72BC3E0B47E3}.CD_ROM|x86.ActiveCfg = CD_ROM
		{749C7348-179C-4782-A29E-72BC3E0B47E3}.CD_ROM|x86.Build.0 = CD_ROM
		{749C7348-179C-4782-A29E-72BC3E0B47E3}.Debug|Any CPU.ActiveCfg = DVD-5
		{749C7348-179C-4782-A29E-72BC3E0B47E3}.Debug|Any CPU.Build.0 = DVD-5
		{749C7348-179C-4782-A29E-72BC3E0B47E3}.Debug|Mixed Platforms.ActiveCfg = SingleImage
		{749C7348-179C-4782-A29E-72BC3E0B47E3}.Debug|x86.ActiveCfg = DVD-5
		{749C7348-179C-4782-A29E-72BC3E0B47E3}.Debug|x86.Build.0 = DVD-5
		{749C7348-179C-4782-A29E-72BC3E0B47E3}.DVD-5|Any CPU.ActiveCfg = DVD-5
		{749C7348-179C-4782-A29E-72BC3E0B47E3}.DVD-5|Any CPU.Build.0 = DVD-5
		{749C7348-179C-4782-A29E-72BC3E0B47E3}.DVD-5|Mixed Platforms.ActiveCfg = DVD-5
		{749C7348-179C-4782-A29E-72BC3E0B47E3}.DVD-5|Mixed Platforms.Build.0 = DVD-5
		{749C7348-179C-4782-A29E-72BC3E0B47E3}.DVD-5|x86.ActiveCfg = DVD-5
		{749C7348-179C-4782-A29E-72BC3E0B47E3}.DVD-5|x86.Build.0 = DVD-5
		{749C7348-179C-4782-A29E-72BC3E0B47E3}.Release|Any CPU.ActiveCfg = SingleImage
		{749C7348-179C-4782-A29E-72BC3E0B47E3}.Release|Any CPU.Build.0 = SingleImage
		{749C7348-179C-4782-A29E-72BC3E0B47E3}.Release|Mixed Platforms.ActiveCfg = SingleImage
		{749C7348-179C-4782-A29E-72BC3E0B47E3}.Release|Mixed Platforms.Build.0 = SingleImage
		{749C7348-179C-4782-A29E-72BC3E0B47E3}.Release|x86.ActiveCfg = SingleImage
		{749C7348-179C-4782-A29E-72BC3E0B47E3}.Release|x86.Build.0 = SingleImage
		{749C7348-179C-4782-A29E-72BC3E0B47E3}.SingleImage|Any CPU.ActiveCfg = SingleImage
		{749C7348-179C-4782-A29E-72BC3E0B47E3}.SingleImage|Any CPU.Build.0 = SingleImage
		{749C7348-179C-4782-A29E-72BC3E0B47E3}.SingleImage|Mixed Platforms.ActiveCfg = SingleImage
		{749C7348-179C-4782-A29E-72BC3E0B47E3}.SingleImage|Mixed Platforms.Build.0 = SingleImage
		{749C7348-179C-4782-A29E-72BC3E0B47E3}.SingleImage|x86.ActiveCfg = SingleImage
		{749C7348-179C-4782-A29E-72BC3E0B47E3}.SingleImage|x86.Build.0 = SingleImage
		{749C7348-179C-4782-A29E-72BC3E0B47E3}.Tmp|Any CPU.ActiveCfg = SingleImage
		{749C7348-179C-4782-A29E-72BC3E0B47E3}.Tmp|Any CPU.Build.0 = SingleImage
		{749C7348-179C-4782-A29E-72BC3E0B47E3}.Tmp|Mixed Platforms.ActiveCfg = SingleImage
		{749C7348-179C-4782-A29E-72BC3E0B47E3}.Tmp|Mixed Platforms.Build.0 = SingleImage
		{749C7348-179C-4782-A29E-72BC3E0B47E3}.Tmp|x86.ActiveCfg = SingleImage
		{749C7348-179C-4782-A29E-72BC3E0B47E3}.Tmp|x86.Build.0 = SingleImage
	EndGlobalSection
	GlobalSection(SolutionProperties) = preSolution
		HideSolutionNode = FALSE
	EndGlobalSection
EndGlobal
